PODS:
  - AcknowList (1.5)
  - Alamofire (4.6.0)
  - Animators (2.0.1)
  - CFNotify (1.0.2)
  - ChameleonFramework/Default (2.1.0)
  - ChameleonFramework/Swift (2.1.0):
    - ChameleonFramework/Default
  - Eureka (4.0.1)
  - Floaty (4.0.0)
  - IGRPhotoTweaks (1.0.7)
  - ImageRow (3.0.0):
    - Eureka (~> 4.0)
  - InAppNotify (0.1.4)
  - Moya (10.0.2):
    - Moya/Core (= 10.0.2)
  - Moya-ObjectMapper (2.5):
    - Moya-ObjectMapper/Core (= 2.5)
  - Moya-ObjectMapper/Core (2.5):
    - Moya (~> 10.0.0)
    - ObjectMapper (~> 3.0.0)
  - Moya/Core (10.0.2):
    - Alamofire (~> 4.1)
    - Result (~> 3.0)
  - NVActivityIndicatorView (4.1.1):
    - NVActivityIndicatorView/Presenter (= 4.1.1)
  - NVActivityIndicatorView/Presenter (4.1.1)
  - ObjectMapper (3.0.0)
  - Onboard (2.3.1)
  - PAPermissions (0.9.10)
  - Result (3.2.4)
  - SnapKit (4.0.0)
  - ViewAnimator (1.0.4)

DEPENDENCIES:
  - AcknowList
  - Animators
  - CFNotify
  - ChameleonFramework/Swift (from `https://github.com/ViccAlexander/Chameleon.git`, branch `wip/swift4`)
  - Eureka
  - Floaty
  - IGRPhotoTweaks
  - ImageRow (from `https://github.com/CaptainYukinoshitaHachiman/ImageRow.git`, branch `master`)
  - InAppNotify (from `https://github.com/lucabecchetti/InAppNotify.git`, branch `swift4`)
  - Moya-ObjectMapper
  - NVActivityIndicatorView
  - Onboard (from `https://github.com/mamaral/Onboard.git`, branch `master`)
  - PAPermissions
  - SnapKit
  - ViewAnimator

EXTERNAL SOURCES:
  ChameleonFramework:
    :branch: wip/swift4
    :git: https://github.com/ViccAlexander/Chameleon.git
  ImageRow:
    :branch: master
    :git: https://github.com/CaptainYukinoshitaHachiman/ImageRow.git
  InAppNotify:
    :branch: swift4
    :git: https://github.com/lucabecchetti/InAppNotify.git
  Onboard:
    :branch: master
    :git: https://github.com/mamaral/Onboard.git

CHECKOUT OPTIONS:
  ChameleonFramework:
    :commit: db432ca1b1a3d8f83ee1f881208c0c960a325e73
    :git: https://github.com/ViccAlexander/Chameleon.git
  ImageRow:
    :commit: 3af4ed52ed3f64f9d3713289bcaa4a99f3983b90
    :git: https://github.com/CaptainYukinoshitaHachiman/ImageRow.git
  InAppNotify:
    :commit: 6c197409f43d09abfb5db2a1a9efdb14d194465b
    :git: https://github.com/lucabecchetti/InAppNotify.git
  Onboard:
    :commit: fd44e4478e50fe068732ec2995f4135daef4a02e
    :git: https://github.com/mamaral/Onboard.git

SPEC CHECKSUMS:
  AcknowList: 93c5dbde36f37ba7f74c8a92c8d9cfb52ed73e47
  Alamofire: f41a599bd63041760b26d393ec1069d9d7b917f4
  Animators: d86f948a39fd9f1920296535d043d4f2cec87c0a
  CFNotify: e32996ad9034b4d64b30d685e456ea4b83fecb49
  ChameleonFramework: d21a3cc247abfe5e37609a283a8238b03575cf64
  Eureka: c8bd5cc07143b6f66268c208d28a246c99b41955
  Floaty: 4f88811bbf08521807f42355db6a9c0db85d5d78
  IGRPhotoTweaks: 8fe6b62c6599238d860b19b46a85a454e202f502
  ImageRow: 2683a3b621210ea05c1f3a2fa294d8d14342d24c
  InAppNotify: e83f6087b82091ec402406eee65afe8f0a84ab87
  Moya: 2b0531a9fef318e0bc484030c3db1e6f279ccb66
  Moya-ObjectMapper: 167adf69db0298bf3a19ea05cb9a16ee117c8ef5
  NVActivityIndicatorView: 60109b9bf46efc2e71ab81453196ccdfdfeea870
  ObjectMapper: 92230db59bf8f341a5c3a3cf0b9fbdde3cf0d87f
  Onboard: b6871f25ac753175b2ab9a362fb2feb26a81a311
  PAPermissions: 8f68bbf68f7f50b55ecaf3f3f2959b97fb756767
  Result: d2d07204ce72856f1fd9130bbe42c35a7b0fea10
  SnapKit: a42d492c16e80209130a3379f73596c3454b7694
  ViewAnimator: 1f3fa25f3c9010ab0dda06cf9e3e49a4b55834ff

PODFILE CHECKSUM: 939da486a7976e17f4270640b61ca6b434858bfc

COCOAPODS: 1.4.0
