PODS:
  - AcknowList (1.4)
  - Alamofire (4.5.1)
  - CFNotify (1.0.1)
  - ChameleonFramework/Default (2.1.0)
  - ChameleonFramework/Swift (2.1.0):
    - ChameleonFramework/Default
  - Eureka (4.0.1)
  - ImageRow (3.0.0):
    - Eureka (~> 4.0)
  - LTMorphingLabel (0.5.5)
  - Moya (10.0.0):
    - Moya/Core (= 10.0.0)
  - Moya/Core (10.0.0):
    - Alamofire (~> 4.1)
    - Result (~> 3.0)
  - ObjectMapper (3.0.0)
  - Onboard (2.3.1)
  - PAPermissions (0.9.10)
  - Result (3.2.4)
  - SnapKit (4.0.0)
  - ViewAnimator (1.0.2)

DEPENDENCIES:
  - AcknowList
  - CFNotify
  - ChameleonFramework/Swift (from `https://github.com/ViccAlexander/Chameleon.git`, branch `wip/swift4`)
  - Eureka
  - ImageRow
  - LTMorphingLabel
  - Moya
  - ObjectMapper (from `https://github.com/Hearst-DD/ObjectMapper.git`, branch `swift-4`)
  - Onboard
  - PAPermissions
  - SnapKit
  - ViewAnimator

EXTERNAL SOURCES:
  ChameleonFramework:
    :branch: wip/swift4
    :git: https://github.com/ViccAlexander/Chameleon.git
  ObjectMapper:
    :branch: swift-4
    :git: https://github.com/Hearst-DD/ObjectMapper.git

CHECKOUT OPTIONS:
  ChameleonFramework:
    :commit: db432ca1b1a3d8f83ee1f881208c0c960a325e73
    :git: https://github.com/ViccAlexander/Chameleon.git
  ObjectMapper:
    :commit: 18051553fc44e98ffb1b7e93fa94cd184283d993
    :git: https://github.com/Hearst-DD/ObjectMapper.git

SPEC CHECKSUMS:
  AcknowList: 1fae3fa62f256ddd1001adf20ba5c52743515ac7
  Alamofire: 2d95912bf4c34f164fdfc335872e8c312acaea4a
  CFNotify: b34a7989d2bafe85a6bba7543ba3a4323abc7b47
  ChameleonFramework: d21a3cc247abfe5e37609a283a8238b03575cf64
  Eureka: c8bd5cc07143b6f66268c208d28a246c99b41955
  ImageRow: 048123c296de9a6ac3998c415a6706c45ce480af
  LTMorphingLabel: 86464e41c3394dbf1ad098442ed4dcf8891ba975
  Moya: adb58b0f4e58430db43cc6e2f6ebab1836501186
  ObjectMapper: 739e5530df22248823f6cc7ed9e016ebf2c26a27
  Onboard: b6871f25ac753175b2ab9a362fb2feb26a81a311
  PAPermissions: 8f68bbf68f7f50b55ecaf3f3f2959b97fb756767
  Result: d2d07204ce72856f1fd9130bbe42c35a7b0fea10
  SnapKit: a42d492c16e80209130a3379f73596c3454b7694
  ViewAnimator: d7b18e0be98e05807f61ad886a36363727209377

PODFILE CHECKSUM: b5af768013d5ab7b84dcbafcaa4e65444a350744

COCOAPODS: 1.3.1
