// !$*UTF8*$!
{
	archiveVersion = 1;
	classes = {
	};
	objectVersion = 46;
	objects = {

/* Begin PBXBuildFile section */
		A435AA602AA462230C2E03DD /* Pods_BirthdayReminder.framework in Frameworks */ = {isa = PBXBuildFile; fileRef = 9FCDD88D92AEE57FE4CD5285 /* Pods_BirthdayReminder.framework */; };
		B00F7B021F1EEED500496843 /* DetailedPersonalInfoViewController.swift in Sources */ = {isa = PBXBuildFile; fileRef = B00F7B001F1EEEC700496843 /* DetailedPersonalInfoViewController.swift */; };
		B00F7B031F1EEED800496843 /* AnimeGettingFromServerViewController.swift in Sources */ = {isa = PBXBuildFile; fileRef = B00F7B011F1EEEC700496843 /* AnimeGettingFromServerViewController.swift */; };
		B00F7B041F1EEEDA00496843 /* GetPersonalDataFromServerViewController.swift in Sources */ = {isa = PBXBuildFile; fileRef = B00F7AFF1F1EEEC700496843 /* GetPersonalDataFromServerViewController.swift */; };
		B049DCA31F1EEE7A008634C5 /* AppDelegate.swift in Sources */ = {isa = PBXBuildFile; fileRef = B049DC9A1F1EEDA9008634C5 /* AppDelegate.swift */; };
		B068835D1F1EEB2D00831AA6 /* Main.storyboard in Resources */ = {isa = PBXBuildFile; fileRef = B068835B1F1EEB2D00831AA6 /* Main.storyboard */; };
		B068835F1F1EEB2D00831AA6 /* Assets.xcassets in Resources */ = {isa = PBXBuildFile; fileRef = B068835E1F1EEB2D00831AA6 /* Assets.xcassets */; };
		B06883621F1EEB2D00831AA6 /* LaunchScreen.storyboard in Resources */ = {isa = PBXBuildFile; fileRef = B06883601F1EEB2D00831AA6 /* LaunchScreen.storyboard */; };
		B068837A1F1EECEA00831AA6 /* FileManaging.swift in Sources */ = {isa = PBXBuildFile; fileRef = B06883791F1EECEA00831AA6 /* FileManaging.swift */; };
		B068837C1F1EECF100831AA6 /* Network.swift in Sources */ = {isa = PBXBuildFile; fileRef = B068837B1F1EECF100831AA6 /* Network.swift */; };
/* End PBXBuildFile section */

/* Begin PBXFileReference section */
		9E8E2A6B24D19E5804BE59DB /* Pods-BirthdayReminder.debug.xcconfig */ = {isa = PBXFileReference; includeInIndex = 1; lastKnownFileType = text.xcconfig; name = "Pods-BirthdayReminder.debug.xcconfig"; path = "Pods/Target Support Files/Pods-BirthdayReminder/Pods-BirthdayReminder.debug.xcconfig"; sourceTree = "<group>"; };
		9FCDD88D92AEE57FE4CD5285 /* Pods_BirthdayReminder.framework */ = {isa = PBXFileReference; explicitFileType = wrapper.framework; includeInIndex = 0; path = Pods_BirthdayReminder.framework; sourceTree = BUILT_PRODUCTS_DIR; };
		B00F7AFF1F1EEEC700496843 /* GetPersonalDataFromServerViewController.swift */ = {isa = PBXFileReference; lastKnownFileType = sourcecode.swift; path = GetPersonalDataFromServerViewController.swift; sourceTree = "<group>"; };
		B00F7B001F1EEEC700496843 /* DetailedPersonalInfoViewController.swift */ = {isa = PBXFileReference; lastKnownFileType = sourcecode.swift; path = DetailedPersonalInfoViewController.swift; sourceTree = "<group>"; };
		B00F7B011F1EEEC700496843 /* AnimeGettingFromServerViewController.swift */ = {isa = PBXFileReference; lastKnownFileType = sourcecode.swift; path = AnimeGettingFromServerViewController.swift; sourceTree = "<group>"; };
		B049DC9A1F1EEDA9008634C5 /* AppDelegate.swift */ = {isa = PBXFileReference; lastKnownFileType = sourcecode.swift; path = AppDelegate.swift; sourceTree = "<group>"; };
		B06883541F1EEB2D00831AA6 /* BirthdayReminder.app */ = {isa = PBXFileReference; explicitFileType = wrapper.application; includeInIndex = 0; path = BirthdayReminder.app; sourceTree = BUILT_PRODUCTS_DIR; };
		B068835C1F1EEB2D00831AA6 /* Base */ = {isa = PBXFileReference; lastKnownFileType = file.storyboard; name = Base; path = Base.lproj/Main.storyboard; sourceTree = "<group>"; };
		B068835E1F1EEB2D00831AA6 /* Assets.xcassets */ = {isa = PBXFileReference; lastKnownFileType = folder.assetcatalog; path = Assets.xcassets; sourceTree = "<group>"; };
		B06883611F1EEB2D00831AA6 /* Base */ = {isa = PBXFileReference; lastKnownFileType = file.storyboard; name = Base; path = Base.lproj/LaunchScreen.storyboard; sourceTree = "<group>"; };
		B06883631F1EEB2D00831AA6 /* Info.plist */ = {isa = PBXFileReference; lastKnownFileType = text.plist.xml; path = Info.plist; sourceTree = "<group>"; };
		B06883791F1EECEA00831AA6 /* FileManaging.swift */ = {isa = PBXFileReference; fileEncoding = 4; lastKnownFileType = sourcecode.swift; name = FileManaging.swift; path = "Universal/File&DataManaging/FileManaging.swift"; sourceTree = "<group>"; };
		B068837B1F1EECF100831AA6 /* Network.swift */ = {isa = PBXFileReference; fileEncoding = 4; lastKnownFileType = sourcecode.swift; name = Network.swift; path = Universal/Network/Network.swift; sourceTree = "<group>"; };
		BA622C34FD96AFBF6E0D84F6 /* Pods-BirthdayReminder.release.xcconfig */ = {isa = PBXFileReference; includeInIndex = 1; lastKnownFileType = text.xcconfig; name = "Pods-BirthdayReminder.release.xcconfig"; path = "Pods/Target Support Files/Pods-BirthdayReminder/Pods-BirthdayReminder.release.xcconfig"; sourceTree = "<group>"; };
/* End PBXFileReference section */

/* Begin PBXFrameworksBuildPhase section */
		B06883511F1EEB2D00831AA6 /* Frameworks */ = {
			isa = PBXFrameworksBuildPhase;
			buildActionMask = 2147483647;
			files = (
				A435AA602AA462230C2E03DD /* Pods_BirthdayReminder.framework in Frameworks */,
			);
			runOnlyForDeploymentPostprocessing = 0;
		};
/* End PBXFrameworksBuildPhase section */

/* Begin PBXGroup section */
		B049DC9C1F1EEE31008634C5 /* Controllers */ = {
			isa = PBXGroup;
			children = (
				B00F7B011F1EEEC700496843 /* AnimeGettingFromServerViewController.swift */,
				B00F7B001F1EEEC700496843 /* DetailedPersonalInfoViewController.swift */,
				B00F7AFF1F1EEEC700496843 /* GetPersonalDataFromServerViewController.swift */,
			);
			path = Controllers;
			sourceTree = "<group>";
		};
		B068834B1F1EEB2D00831AA6 = {
			isa = PBXGroup;
			children = (
				B06883721F1EEC9D00831AA6 /* Universal */,
				B06883561F1EEB2D00831AA6 /* BirthdayReminder */,
				B06883551F1EEB2D00831AA6 /* Products */,
				B22BCE9328D65D5E0F0246C3 /* Pods */,
				C36CBA21C215B6052304E768 /* Frameworks */,
			);
			sourceTree = "<group>";
		};
		B06883551F1EEB2D00831AA6 /* Products */ = {
			isa = PBXGroup;
			children = (
				B06883541F1EEB2D00831AA6 /* BirthdayReminder.app */,
			);
			name = Products;
			sourceTree = "<group>";
		};
		B06883561F1EEB2D00831AA6 /* BirthdayReminder */ = {
			isa = PBXGroup;
			children = (
				B049DC9A1F1EEDA9008634C5 /* AppDelegate.swift */,
				B049DC9C1F1EEE31008634C5 /* Controllers */,
				B068835B1F1EEB2D00831AA6 /* Main.storyboard */,
				B068835E1F1EEB2D00831AA6 /* Assets.xcassets */,
				B06883601F1EEB2D00831AA6 /* LaunchScreen.storyboard */,
				B06883631F1EEB2D00831AA6 /* Info.plist */,
			);
			path = BirthdayReminder;
			sourceTree = "<group>";
		};
		B06883721F1EEC9D00831AA6 /* Universal */ = {
			isa = PBXGroup;
			children = (
				B06883771F1EECBE00831AA6 /* File&Data Managing */,
				B06883781F1EECD400831AA6 /* Network */,
			);
			name = Universal;
			sourceTree = "<group>";
		};
		B06883771F1EECBE00831AA6 /* File&Data Managing */ = {
			isa = PBXGroup;
			children = (
				B06883791F1EECEA00831AA6 /* FileManaging.swift */,
			);
			name = "File&Data Managing";
			sourceTree = "<group>";
		};
		B06883781F1EECD400831AA6 /* Network */ = {
			isa = PBXGroup;
			children = (
				B068837B1F1EECF100831AA6 /* Network.swift */,
			);
			name = Network;
			sourceTree = "<group>";
		};
		B22BCE9328D65D5E0F0246C3 /* Pods */ = {
			isa = PBXGroup;
			children = (
				9E8E2A6B24D19E5804BE59DB /* Pods-BirthdayReminder.debug.xcconfig */,
				BA622C34FD96AFBF6E0D84F6 /* Pods-BirthdayReminder.release.xcconfig */,
			);
			name = Pods;
			sourceTree = "<group>";
		};
		C36CBA21C215B6052304E768 /* Frameworks */ = {
			isa = PBXGroup;
			children = (
				9FCDD88D92AEE57FE4CD5285 /* Pods_BirthdayReminder.framework */,
			);
			name = Frameworks;
			sourceTree = "<group>";
		};
/* End PBXGroup section */

/* Begin PBXNativeTarget section */
		B06883531F1EEB2D00831AA6 /* BirthdayReminder */ = {
			isa = PBXNativeTarget;
			buildConfigurationList = B06883661F1EEB2D00831AA6 /* Build configuration list for PBXNativeTarget "BirthdayReminder" */;
			buildPhases = (
				F40D5D1B16061A1051AD9097 /* [CP] Check Pods Manifest.lock */,
				B06883501F1EEB2D00831AA6 /* Sources */,
				B06883511F1EEB2D00831AA6 /* Frameworks */,
				B06883521F1EEB2D00831AA6 /* Resources */,
				AD353590856FD53846237A21 /* [CP] Embed Pods Frameworks */,
				339023E7E3118B8AB5D2C8CB /* [CP] Copy Pods Resources */,
			);
			buildRules = (
			);
			dependencies = (
			);
			name = BirthdayReminder;
			productName = BirthdayReminder;
			productReference = B06883541F1EEB2D00831AA6 /* BirthdayReminder.app */;
			productType = "com.apple.product-type.application";
		};
/* End PBXNativeTarget section */

/* Begin PBXProject section */
		B068834C1F1EEB2D00831AA6 /* Project object */ = {
			isa = PBXProject;
			attributes = {
				LastSwiftUpdateCheck = 0830;
				LastUpgradeCheck = 0900;
				ORGANIZATIONNAME = CaptainYukinoshitaHachiman;
				TargetAttributes = {
					B06883531F1EEB2D00831AA6 = {
						CreatedOnToolsVersion = 8.3.3;
						DevelopmentTeam = F248CK9C8M;
						LastSwiftMigration = 0900;
						ProvisioningStyle = Automatic;
					};
				};
			};
			buildConfigurationList = B068834F1F1EEB2D00831AA6 /* Build configuration list for PBXProject "BirthdayReminder" */;
			compatibilityVersion = "Xcode 3.2";
			developmentRegion = English;
			hasScannedForEncodings = 0;
			knownRegions = (
				en,
				Base,
			);
			mainGroup = B068834B1F1EEB2D00831AA6;
			productRefGroup = B06883551F1EEB2D00831AA6 /* Products */;
			projectDirPath = "";
			projectRoot = "";
			targets = (
				B06883531F1EEB2D00831AA6 /* BirthdayReminder */,
			);
		};
/* End PBXProject section */

/* Begin PBXResourcesBuildPhase section */
		B06883521F1EEB2D00831AA6 /* Resources */ = {
			isa = PBXResourcesBuildPhase;
			buildActionMask = 2147483647;
			files = (
				B06883621F1EEB2D00831AA6 /* LaunchScreen.storyboard in Resources */,
				B068835F1F1EEB2D00831AA6 /* Assets.xcassets in Resources */,
				B068835D1F1EEB2D00831AA6 /* Main.storyboard in Resources */,
			);
			runOnlyForDeploymentPostprocessing = 0;
		};
/* End PBXResourcesBuildPhase section */

/* Begin PBXShellScriptBuildPhase section */
		339023E7E3118B8AB5D2C8CB /* [CP] Copy Pods Resources */ = {
			isa = PBXShellScriptBuildPhase;
			buildActionMask = 2147483647;
			files = (
			);
			inputPaths = (
			);
			name = "[CP] Copy Pods Resources";
			outputPaths = (
			);
			runOnlyForDeploymentPostprocessing = 0;
			shellPath = /bin/sh;
			shellScript = "\"${SRCROOT}/Pods/Target Support Files/Pods-BirthdayReminder/Pods-BirthdayReminder-resources.sh\"\n";
			showEnvVarsInLog = 0;
		};
		AD353590856FD53846237A21 /* [CP] Embed Pods Frameworks */ = {
			isa = PBXShellScriptBuildPhase;
			buildActionMask = 2147483647;
			files = (
			);
			inputPaths = (
			);
			name = "[CP] Embed Pods Frameworks";
			outputPaths = (
			);
			runOnlyForDeploymentPostprocessing = 0;
			shellPath = /bin/sh;
			shellScript = "\"${SRCROOT}/Pods/Target Support Files/Pods-BirthdayReminder/Pods-BirthdayReminder-frameworks.sh\"\n";
			showEnvVarsInLog = 0;
		};
		F40D5D1B16061A1051AD9097 /* [CP] Check Pods Manifest.lock */ = {
			isa = PBXShellScriptBuildPhase;
			buildActionMask = 2147483647;
			files = (
			);
			inputPaths = (
			);
			name = "[CP] Check Pods Manifest.lock";
			outputPaths = (
			);
			runOnlyForDeploymentPostprocessing = 0;
			shellPath = /bin/sh;
			shellScript = "diff \"${PODS_PODFILE_DIR_PATH}/Podfile.lock\" \"${PODS_ROOT}/Manifest.lock\" > /dev/null\nif [ $? != 0 ] ; then\n    # print error to STDERR\n    echo \"error: The sandbox is not in sync with the Podfile.lock. Run 'pod install' or update your CocoaPods installation.\" >&2\n    exit 1\nfi\n";
			showEnvVarsInLog = 0;
		};
/* End PBXShellScriptBuildPhase section */

/* Begin PBXSourcesBuildPhase section */
		B06883501F1EEB2D00831AA6 /* Sources */ = {
			isa = PBXSourcesBuildPhase;
			buildActionMask = 2147483647;
			files = (
				B00F7B031F1EEED800496843 /* AnimeGettingFromServerViewController.swift in Sources */,
				B049DCA31F1EEE7A008634C5 /* AppDelegate.swift in Sources */,
				B068837C1F1EECF100831AA6 /* Network.swift in Sources */,
				B00F7B021F1EEED500496843 /* DetailedPersonalInfoViewController.swift in Sources */,
				B00F7B041F1EEEDA00496843 /* GetPersonalDataFromServerViewController.swift in Sources */,
				B068837A1F1EECEA00831AA6 /* FileManaging.swift in Sources */,
			);
			runOnlyForDeploymentPostprocessing = 0;
		};
/* End PBXSourcesBuildPhase section */

/* Begin PBXVariantGroup section */
		B068835B1F1EEB2D00831AA6 /* Main.storyboard */ = {
			isa = PBXVariantGroup;
			children = (
				B068835C1F1EEB2D00831AA6 /* Base */,
			);
			name = Main.storyboard;
			sourceTree = "<group>";
		};
		B06883601F1EEB2D00831AA6 /* LaunchScreen.storyboard */ = {
			isa = PBXVariantGroup;
			children = (
				B06883611F1EEB2D00831AA6 /* Base */,
			);
			name = LaunchScreen.storyboard;
			sourceTree = "<group>";
		};
/* End PBXVariantGroup section */

/* Begin XCBuildConfiguration section */
		B06883641F1EEB2D00831AA6 /* Debug */ = {
			isa = XCBuildConfiguration;
			buildSettings = {
				ALWAYS_SEARCH_USER_PATHS = NO;
				CLANG_ANALYZER_NONNULL = YES;
				CLANG_ANALYZER_NUMBER_OBJECT_CONVERSION = YES_AGGRESSIVE;
				CLANG_CXX_LANGUAGE_STANDARD = "gnu++0x";
				CLANG_CXX_LIBRARY = "libc++";
				CLANG_ENABLE_MODULES = YES;
				CLANG_ENABLE_OBJC_ARC = YES;
				CLANG_WARN_BOOL_CONVERSION = YES;
				CLANG_WARN_CONSTANT_CONVERSION = YES;
				CLANG_WARN_DIRECT_OBJC_ISA_USAGE = YES_ERROR;
				CLANG_WARN_DOCUMENTATION_COMMENTS = YES;
				CLANG_WARN_EMPTY_BODY = YES;
				CLANG_WARN_ENUM_CONVERSION = YES;
				CLANG_WARN_INFINITE_RECURSION = YES;
				CLANG_WARN_INT_CONVERSION = YES;
				CLANG_WARN_OBJC_ROOT_CLASS = YES_ERROR;
				CLANG_WARN_SUSPICIOUS_MOVE = YES;
				CLANG_WARN_UNREACHABLE_CODE = YES;
				CLANG_WARN__DUPLICATE_METHOD_MATCH = YES;
				"CODE_SIGN_IDENTITY[sdk=iphoneos*]" = "iPhone Developer";
				COPY_PHASE_STRIP = NO;
				DEBUG_INFORMATION_FORMAT = dwarf;
				ENABLE_STRICT_OBJC_MSGSEND = YES;
				ENABLE_TESTABILITY = YES;
				GCC_C_LANGUAGE_STANDARD = gnu99;
				GCC_DYNAMIC_NO_PIC = NO;
				GCC_NO_COMMON_BLOCKS = YES;
				GCC_OPTIMIZATION_LEVEL = 0;
				GCC_PREPROCESSOR_DEFINITIONS = (
					"DEBUG=1",
					"$(inherited)",
				);
				GCC_WARN_64_TO_32_BIT_CONVERSION = YES;
				GCC_WARN_ABOUT_RETURN_TYPE = YES_ERROR;
				GCC_WARN_UNDECLARED_SELECTOR = YES;
				GCC_WARN_UNINITIALIZED_AUTOS = YES_AGGRESSIVE;
				GCC_WARN_UNUSED_FUNCTION = YES;
				GCC_WARN_UNUSED_VARIABLE = YES;
				IPHONEOS_DEPLOYMENT_TARGET = 10.3;
				MTL_ENABLE_DEBUG_INFO = YES;
				ONLY_ACTIVE_ARCH = YES;
				SDKROOT = iphoneos;
				SWIFT_ACTIVE_COMPILATION_CONDITIONS = DEBUG;
				SWIFT_OPTIMIZATION_LEVEL = "-Onone";
				TARGETED_DEVICE_FAMILY = "1,2";
			};
			name = Debug;
		};
		B06883651F1EEB2D00831AA6 /* Release */ = {
			isa = XCBuildConfiguration;
			buildSettings = {
				ALWAYS_SEARCH_USER_PATHS = NO;
				CLANG_ANALYZER_NONNULL = YES;
				CLANG_ANALYZER_NUMBER_OBJECT_CONVERSION = YES_AGGRESSIVE;
				CLANG_CXX_LANGUAGE_STANDARD = "gnu++0x";
				CLANG_CXX_LIBRARY = "libc++";
				CLANG_ENABLE_MODULES = YES;
				CLANG_ENABLE_OBJC_ARC = YES;
				CLANG_WARN_BOOL_CONVERSION = YES;
				CLANG_WARN_CONSTANT_CONVERSION = YES;
				CLANG_WARN_DIRECT_OBJC_ISA_USAGE = YES_ERROR;
				CLANG_WARN_DOCUMENTATION_COMMENTS = YES;
				CLANG_WARN_EMPTY_BODY = YES;
				CLANG_WARN_ENUM_CONVERSION = YES;
				CLANG_WARN_INFINITE_RECURSION = YES;
				CLANG_WARN_INT_CONVERSION = YES;
				CLANG_WARN_OBJC_ROOT_CLASS = YES_ERROR;
				CLANG_WARN_SUSPICIOUS_MOVE = YES;
				CLANG_WARN_UNREACHABLE_CODE = YES;
				CLANG_WARN__DUPLICATE_METHOD_MATCH = YES;
				"CODE_SIGN_IDENTITY[sdk=iphoneos*]" = "iPhone Developer";
				COPY_PHASE_STRIP = NO;
				DEBUG_INFORMATION_FORMAT = "dwarf-with-dsym";
				ENABLE_NS_ASSERTIONS = NO;
				ENABLE_STRICT_OBJC_MSGSEND = YES;
				GCC_C_LANGUAGE_STANDARD = gnu99;
				GCC_NO_COMMON_BLOCKS = YES;
				GCC_WARN_64_TO_32_BIT_CONVERSION = YES;
				GCC_WARN_ABOUT_RETURN_TYPE = YES_ERROR;
				GCC_WARN_UNDECLARED_SELECTOR = YES;
				GCC_WARN_UNINITIALIZED_AUTOS = YES_AGGRESSIVE;
				GCC_WARN_UNUSED_FUNCTION = YES;
				GCC_WARN_UNUSED_VARIABLE = YES;
				IPHONEOS_DEPLOYMENT_TARGET = 10.3;
				MTL_ENABLE_DEBUG_INFO = NO;
				SDKROOT = iphoneos;
				SWIFT_OPTIMIZATION_LEVEL = "-Owholemodule";
				TARGETED_DEVICE_FAMILY = "1,2";
				VALIDATE_PRODUCT = YES;
			};
			name = Release;
		};
		B06883671F1EEB2D00831AA6 /* Debug */ = {
			isa = XCBuildConfiguration;
			baseConfigurationReference = 9E8E2A6B24D19E5804BE59DB /* Pods-BirthdayReminder.debug.xcconfig */;
			buildSettings = {
				ASSETCATALOG_COMPILER_APPICON_NAME = AppIcon;
				DEVELOPMENT_TEAM = F248CK9C8M;
				INFOPLIST_FILE = BirthdayReminder/Info.plist;
				LD_RUNPATH_SEARCH_PATHS = "$(inherited) @executable_path/Frameworks";
				PRODUCT_BUNDLE_IDENTIFIER = tech.TCWQ.BirthdayReminder;
				PRODUCT_NAME = "$(TARGET_NAME)";
				SWIFT_VERSION = 3.0;
			};
			name = Debug;
		};
		B06883681F1EEB2D00831AA6 /* Release */ = {
			isa = XCBuildConfiguration;
			baseConfigurationReference = BA622C34FD96AFBF6E0D84F6 /* Pods-BirthdayReminder.release.xcconfig */;
			buildSettings = {
				ASSETCATALOG_COMPILER_APPICON_NAME = AppIcon;
				DEVELOPMENT_TEAM = F248CK9C8M;
				INFOPLIST_FILE = BirthdayReminder/Info.plist;
				LD_RUNPATH_SEARCH_PATHS = "$(inherited) @executable_path/Frameworks";
				PRODUCT_BUNDLE_IDENTIFIER = tech.TCWQ.BirthdayReminder;
				PRODUCT_NAME = "$(TARGET_NAME)";
				SWIFT_VERSION = 3.0;
			};
			name = Release;
		};
/* End XCBuildConfiguration section */

/* Begin XCConfigurationList section */
		B068834F1F1EEB2D00831AA6 /* Build configuration list for PBXProject "BirthdayReminder" */ = {
			isa = XCConfigurationList;
			buildConfigurations = (
				B06883641F1EEB2D00831AA6 /* Debug */,
				B06883651F1EEB2D00831AA6 /* Release */,
			);
			defaultConfigurationIsVisible = 0;
			defaultConfigurationName = Release;
		};
		B06883661F1EEB2D00831AA6 /* Build configuration list for PBXNativeTarget "BirthdayReminder" */ = {
			isa = XCConfigurationList;
			buildConfigurations = (
				B06883671F1EEB2D00831AA6 /* Debug */,
				B06883681F1EEB2D00831AA6 /* Release */,
			);
			defaultConfigurationIsVisible = 0;
			defaultConfigurationName = Release;
		};
/* End XCConfigurationList section */
	};
	rootObject = B068834C1F1EEB2D00831AA6 /* Project object */;
}
