// !$*UTF8*$!
{
	archiveVersion = 1;
	classes = {
	};
	objectVersion = 46;
	objects = {

/* Begin PBXBuildFile section */
		5232356C1FDCB96200CAB37D /* BirthComputingTests.swift in Sources */ = {isa = PBXBuildFile; fileRef = 5232356B1FDCB96200CAB37D /* BirthComputingTests.swift */; };
		526C89C11F7F3E4D006A2E57 /* Localizable.stringsdict in Resources */ = {isa = PBXBuildFile; fileRef = 526C89C51F7F3E4D006A2E57 /* Localizable.stringsdict */; };
		526C89C21F7F3E4D006A2E57 /* Localizable.stringsdict in Resources */ = {isa = PBXBuildFile; fileRef = 526C89C51F7F3E4D006A2E57 /* Localizable.stringsdict */; };
		526C89C31F7F3E4D006A2E57 /* Localizable.stringsdict in Resources */ = {isa = PBXBuildFile; fileRef = 526C89C51F7F3E4D006A2E57 /* Localizable.stringsdict */; };
		52AD42EF1F7ED83100306D47 /* Model.xcdatamodeld in Sources */ = {isa = PBXBuildFile; fileRef = 52AD42ED1F7ED82900306D47 /* Model.xcdatamodeld */; };
		52AD42F01F7ED83200306D47 /* Model.xcdatamodeld in Sources */ = {isa = PBXBuildFile; fileRef = 52AD42ED1F7ED82900306D47 /* Model.xcdatamodeld */; };
		52AD42F11F7ED83300306D47 /* Model.xcdatamodeld in Sources */ = {isa = PBXBuildFile; fileRef = 52AD42ED1F7ED82900306D47 /* Model.xcdatamodeld */; };
		52AD42F41F7F164700306D47 /* InfoPlist.strings in Resources */ = {isa = PBXBuildFile; fileRef = 52AD42F61F7F164700306D47 /* InfoPlist.strings */; };
		52AD42F91F7F164900306D47 /* InfoPlist.strings in Resources */ = {isa = PBXBuildFile; fileRef = 52AD42FB1F7F164900306D47 /* InfoPlist.strings */; };
		52AD42FE1F7F164B00306D47 /* InfoPlist.strings in Resources */ = {isa = PBXBuildFile; fileRef = 52AD43001F7F164B00306D47 /* InfoPlist.strings */; };
		52AD43041F7F164F00306D47 /* InfoPlist.strings in Resources */ = {isa = PBXBuildFile; fileRef = 52AD43061F7F164F00306D47 /* InfoPlist.strings */; };
		52AD43091F7F19E800306D47 /* Localizable.strings in Resources */ = {isa = PBXBuildFile; fileRef = 52AD430B1F7F19E800306D47 /* Localizable.strings */; };
		52AD43131F7F19EA00306D47 /* Localizable.strings in Resources */ = {isa = PBXBuildFile; fileRef = 52AD43151F7F19EA00306D47 /* Localizable.strings */; };
		52AD43181F7F1A3500306D47 /* Localizable.strings in Resources */ = {isa = PBXBuildFile; fileRef = 52AD431A1F7F1A3500306D47 /* Localizable.strings */; };
		702D2BC31FE3F6E400F30C7B /* Utilities.swift in Sources */ = {isa = PBXBuildFile; fileRef = 702D2BC21FE3F6E400F30C7B /* Utilities.swift */; };
		70B172701FF6A41D00FCA499 /* Pods-BirthdayReminder-acknowledgements.plist in Resources */ = {isa = PBXBuildFile; fileRef = 70B1726F1FF6A41D00FCA499 /* Pods-BirthdayReminder-acknowledgements.plist */; };
		70C5EF811FDBFD460068FAC2 /* NotificationManager.swift in Sources */ = {isa = PBXBuildFile; fileRef = 70C5EF801FDBFD460068FAC2 /* NotificationManager.swift */; };
		70C72BF01FDD20D60079AF2D /* PresentingViewController.swift in Sources */ = {isa = PBXBuildFile; fileRef = 70C72BEF1FDD20D60079AF2D /* PresentingViewController.swift */; };
		A435AA602AA462230C2E03DD /* Pods_BirthdayReminder.framework in Frameworks */ = {isa = PBXBuildFile; fileRef = 9FCDD88D92AEE57FE4CD5285 /* Pods_BirthdayReminder.framework */; };
		B0095EC31F6D80C50049AF0D /* AnimeCell.swift in Sources */ = {isa = PBXBuildFile; fileRef = B0095EC21F6D80C50049AF0D /* AnimeCell.swift */; };
		B00F7B031F1EEED800496843 /* AnimeGettingFromServerViewController.swift in Sources */ = {isa = PBXBuildFile; fileRef = B00F7B011F1EEEC700496843 /* AnimeGettingFromServerViewController.swift */; };
		B00F7B041F1EEEDA00496843 /* GetPersonalDataFromServerViewController.swift in Sources */ = {isa = PBXBuildFile; fileRef = B00F7AFF1F1EEEC700496843 /* GetPersonalDataFromServerViewController.swift */; };
		B022842F1FAEB58E00932EEB /* MainTabBarController.swift in Sources */ = {isa = PBXBuildFile; fileRef = B022842E1FAEB58E00932EEB /* MainTabBarController.swift */; };
		B029294E1F26E79000AD0BC1 /* NotificationCenter.framework in Frameworks */ = {isa = PBXBuildFile; fileRef = B029294D1F26E79000AD0BC1 /* NotificationCenter.framework */; };
		B02929511F26E79000AD0BC1 /* TodayViewController.swift in Sources */ = {isa = PBXBuildFile; fileRef = B02929501F26E79000AD0BC1 /* TodayViewController.swift */; };
		B02929541F26E79000AD0BC1 /* MainInterface.storyboard in Resources */ = {isa = PBXBuildFile; fileRef = B02929521F26E79000AD0BC1 /* MainInterface.storyboard */; };
		B02929581F26E79000AD0BC1 /* TodayReminder.appex in Embed App Extensions */ = {isa = PBXBuildFile; fileRef = B029294C1F26E79000AD0BC1 /* TodayReminder.appex */; settings = {ATTRIBUTES = (RemoveHeadersOnCopy, ); }; };
		B02F096B1F6C524A007EF8C1 /* PersonalCell.swift in Sources */ = {isa = PBXBuildFile; fileRef = B02F096A1F6C524A007EF8C1 /* PersonalCell.swift */; };
		B02FC57E1F596E2400EAB6E6 /* Protocols.swift in Sources */ = {isa = PBXBuildFile; fileRef = B02FC57D1F596E2400EAB6E6 /* Protocols.swift */; };
		B02FC57F1F596E2400EAB6E6 /* Protocols.swift in Sources */ = {isa = PBXBuildFile; fileRef = B02FC57D1F596E2400EAB6E6 /* Protocols.swift */; };
		B02FC5801F596E2400EAB6E6 /* Protocols.swift in Sources */ = {isa = PBXBuildFile; fileRef = B02FC57D1F596E2400EAB6E6 /* Protocols.swift */; };
		B031B91F1F81D81D001AE7DC /* Tutorial.swift in Sources */ = {isa = PBXBuildFile; fileRef = B031B91E1F81D81D001AE7DC /* Tutorial.swift */; };
		B049DCA31F1EEE7A008634C5 /* AppDelegate.swift in Sources */ = {isa = PBXBuildFile; fileRef = B049DC9A1F1EEDA9008634C5 /* AppDelegate.swift */; };
		B05952F31F26E834008AD597 /* BirthComputing.swift in Sources */ = {isa = PBXBuildFile; fileRef = B0AB99D21F244E79006C8F29 /* BirthComputing.swift */; };
		B05FB0C91F6E21E70021263D /* ContactViewController.swift in Sources */ = {isa = PBXBuildFile; fileRef = B05FB0C81F6E21E70021263D /* ContactViewController.swift */; };
		B060439A1F3C9978007D1016 /* SettingsViewController.swift in Sources */ = {isa = PBXBuildFile; fileRef = B06043991F3C9978007D1016 /* SettingsViewController.swift */; };
		B068835D1F1EEB2D00831AA6 /* Main.storyboard in Resources */ = {isa = PBXBuildFile; fileRef = B068835B1F1EEB2D00831AA6 /* Main.storyboard */; };
		B068835F1F1EEB2D00831AA6 /* Assets.xcassets in Resources */ = {isa = PBXBuildFile; fileRef = B068835E1F1EEB2D00831AA6 /* Assets.xcassets */; };
		B06883621F1EEB2D00831AA6 /* LaunchScreen.storyboard in Resources */ = {isa = PBXBuildFile; fileRef = B06883601F1EEB2D00831AA6 /* LaunchScreen.storyboard */; };
		B068837A1F1EECEA00831AA6 /* FileManaging.swift in Sources */ = {isa = PBXBuildFile; fileRef = B06883791F1EECEA00831AA6 /* FileManaging.swift */; };
		B068837C1F1EECF100831AA6 /* Network.swift in Sources */ = {isa = PBXBuildFile; fileRef = B068837B1F1EECF100831AA6 /* Network.swift */; };
		B08060141F820E6B00115399 /* PermissionRequestingController.swift in Sources */ = {isa = PBXBuildFile; fileRef = B08060131F820E6B00115399 /* PermissionRequestingController.swift */; };
		B0811C941F282DA00006CBC5 /* TableRowController.swift in Sources */ = {isa = PBXBuildFile; fileRef = B0811C931F282DA00006CBC5 /* TableRowController.swift */; };
		B0811C951F282F160006CBC5 /* BirthComputing.swift in Sources */ = {isa = PBXBuildFile; fileRef = B0AB99D21F244E79006C8F29 /* BirthComputing.swift */; };
		B0990F1E1F27578400D26557 /* Interface.storyboard in Resources */ = {isa = PBXBuildFile; fileRef = B0990F1C1F27578400D26557 /* Interface.storyboard */; };
		B0990F201F27578400D26557 /* Assets.xcassets in Resources */ = {isa = PBXBuildFile; fileRef = B0990F1F1F27578400D26557 /* Assets.xcassets */; };
		B0990F2E1F27578400D26557 /* InterfaceController.swift in Sources */ = {isa = PBXBuildFile; fileRef = B0990F2D1F27578400D26557 /* InterfaceController.swift */; };
		B0990F301F27578400D26557 /* ExtensionDelegate.swift in Sources */ = {isa = PBXBuildFile; fileRef = B0990F2F1F27578400D26557 /* ExtensionDelegate.swift */; };
		B0990F321F27578400D26557 /* NotificationController.swift in Sources */ = {isa = PBXBuildFile; fileRef = B0990F311F27578400D26557 /* NotificationController.swift */; };
		B0990F341F27578400D26557 /* ComplicationController.swift in Sources */ = {isa = PBXBuildFile; fileRef = B0990F331F27578400D26557 /* ComplicationController.swift */; };
		B0990F361F27578400D26557 /* Assets.xcassets in Resources */ = {isa = PBXBuildFile; fileRef = B0990F351F27578400D26557 /* Assets.xcassets */; };
		B0990F3A1F27578400D26557 /* WatchReminder.app in Embed Watch Content */ = {isa = PBXBuildFile; fileRef = B0990F1A1F27578400D26557 /* WatchReminder.app */; };
		B0A46CCA1F4168B7000E5F30 /* Media.xcassets in Resources */ = {isa = PBXBuildFile; fileRef = B0A46CC91F4168B7000E5F30 /* Media.xcassets */; };
		B0AB99D31F244E79006C8F29 /* BirthComputing.swift in Sources */ = {isa = PBXBuildFile; fileRef = B0AB99D21F244E79006C8F29 /* BirthComputing.swift */; };
		B0C857881FC0EC6800E0DE97 /* RoundConerTableViewCell.swift in Sources */ = {isa = PBXBuildFile; fileRef = B0C857871FC0EC6800E0DE97 /* RoundConerTableViewCell.swift */; };
		B0CD6B691F6D103A009899FE /* PersonFormController.swift in Sources */ = {isa = PBXBuildFile; fileRef = B0CD6B681F6D103A009899FE /* PersonFormController.swift */; };
		B0D18E501F6E031100B2B789 /* WatchReminder Extension.appex in Embed App Extensions */ = {isa = PBXBuildFile; fileRef = B0990F261F27578400D26557 /* WatchReminder Extension.appex */; settings = {ATTRIBUTES = (RemoveHeadersOnCopy, ); }; };
		B0E009561FB721A200443471 /* BirthCardController.swift in Sources */ = {isa = PBXBuildFile; fileRef = B0E009551FB721A200443471 /* BirthCardController.swift */; };
		B0E283B41F334DA700CB5C51 /* FileManaging.swift in Sources */ = {isa = PBXBuildFile; fileRef = B06883791F1EECEA00831AA6 /* FileManaging.swift */; };
		B0E283B61F334DB800CB5C51 /* FileManaging.swift in Sources */ = {isa = PBXBuildFile; fileRef = B06883791F1EECEA00831AA6 /* FileManaging.swift */; };
		B0F0A44E1F20E143004DED3D /* IndexViewController.swift in Sources */ = {isa = PBXBuildFile; fileRef = B0F0A44D1F20E143004DED3D /* IndexViewController.swift */; };
		B0F0CE801F890D750055C00A /* DatePickingRow.swift in Sources */ = {isa = PBXBuildFile; fileRef = B0F0CE7F1F890D750055C00A /* DatePickingRow.swift */; };
		B0F922D91F6419920059DFDC /* Constants&Settings.swift in Sources */ = {isa = PBXBuildFile; fileRef = B0F922D51F64187A0059DFDC /* Constants&Settings.swift */; };
/* End PBXBuildFile section */

/* Begin PBXContainerItemProxy section */
		523235661FDCB8EA00CAB37D /* PBXContainerItemProxy */ = {
			isa = PBXContainerItemProxy;
			containerPortal = B068834C1F1EEB2D00831AA6 /* Project object */;
			proxyType = 1;
			remoteGlobalIDString = B06883531F1EEB2D00831AA6;
			remoteInfo = BirthdayReminder;
		};
		B02929561F26E79000AD0BC1 /* PBXContainerItemProxy */ = {
			isa = PBXContainerItemProxy;
			containerPortal = B068834C1F1EEB2D00831AA6 /* Project object */;
			proxyType = 1;
			remoteGlobalIDString = B029294B1F26E79000AD0BC1;
			remoteInfo = TodayReminder;
		};
		B0990F381F27578400D26557 /* PBXContainerItemProxy */ = {
			isa = PBXContainerItemProxy;
			containerPortal = B068834C1F1EEB2D00831AA6 /* Project object */;
			proxyType = 1;
			remoteGlobalIDString = B0990F191F27578400D26557;
			remoteInfo = WatchReminder;
		};
		B0D18E511F6E031100B2B789 /* PBXContainerItemProxy */ = {
			isa = PBXContainerItemProxy;
			containerPortal = B068834C1F1EEB2D00831AA6 /* Project object */;
			proxyType = 1;
			remoteGlobalIDString = B0990F251F27578400D26557;
			remoteInfo = "WatchReminder Extension";
		};
/* End PBXContainerItemProxy section */

/* Begin PBXCopyFilesBuildPhase section */
		B029295C1F26E79000AD0BC1 /* Embed App Extensions */ = {
			isa = PBXCopyFilesBuildPhase;
			buildActionMask = 2147483647;
			dstPath = "";
			dstSubfolderSpec = 13;
			files = (
				B02929581F26E79000AD0BC1 /* TodayReminder.appex in Embed App Extensions */,
			);
			name = "Embed App Extensions";
			runOnlyForDeploymentPostprocessing = 0;
		};
		B0990F421F27578400D26557 /* Embed Watch Content */ = {
			isa = PBXCopyFilesBuildPhase;
			buildActionMask = 2147483647;
			dstPath = "$(CONTENTS_FOLDER_PATH)/Watch";
			dstSubfolderSpec = 16;
			files = (
				B0990F3A1F27578400D26557 /* WatchReminder.app in Embed Watch Content */,
			);
			name = "Embed Watch Content";
			runOnlyForDeploymentPostprocessing = 0;
		};
		B0D18E531F6E031100B2B789 /* Embed App Extensions */ = {
			isa = PBXCopyFilesBuildPhase;
			buildActionMask = 2147483647;
			dstPath = "";
			dstSubfolderSpec = 13;
			files = (
				B0D18E501F6E031100B2B789 /* WatchReminder Extension.appex in Embed App Extensions */,
			);
			name = "Embed App Extensions";
			runOnlyForDeploymentPostprocessing = 0;
		};
/* End PBXCopyFilesBuildPhase section */

/* Begin PBXFileReference section */
		1800E9202D3A3F234EA230AA /* Pods_WatchReminder_Extension.framework */ = {isa = PBXFileReference; explicitFileType = wrapper.framework; includeInIndex = 0; path = Pods_WatchReminder_Extension.framework; sourceTree = BUILT_PRODUCTS_DIR; };
		522153A31F7F4439006CF8F2 /* zh-Hans */ = {isa = PBXFileReference; lastKnownFileType = text.plist.stringsdict; name = "zh-Hans"; path = "zh-Hans.lproj/Localizable.stringsdict"; sourceTree = "<group>"; };
		523235611FDCB8EA00CAB37D /* BirthReminderTests.xctest */ = {isa = PBXFileReference; explicitFileType = wrapper.cfbundle; includeInIndex = 0; path = BirthReminderTests.xctest; sourceTree = BUILT_PRODUCTS_DIR; };
		523235651FDCB8EA00CAB37D /* Info.plist */ = {isa = PBXFileReference; lastKnownFileType = text.plist.xml; path = Info.plist; sourceTree = "<group>"; };
		5232356B1FDCB96200CAB37D /* BirthComputingTests.swift */ = {isa = PBXFileReference; lastKnownFileType = sourcecode.swift; path = BirthComputingTests.swift; sourceTree = "<group>"; };
		526C89C41F7F3E4D006A2E57 /* en */ = {isa = PBXFileReference; lastKnownFileType = text.plist.stringsdict; name = en; path = en.lproj/Localizable.stringsdict; sourceTree = "<group>"; };
		52AD42EE1F7ED82900306D47 /* Model.xcdatamodel */ = {isa = PBXFileReference; lastKnownFileType = wrapper.xcdatamodel; path = Model.xcdatamodel; sourceTree = "<group>"; };
		52AD42F51F7F164700306D47 /* zh-Hans */ = {isa = PBXFileReference; lastKnownFileType = text.plist.strings; name = "zh-Hans"; path = "zh-Hans.lproj/InfoPlist.strings"; sourceTree = "<group>"; };
		52AD42FA1F7F164900306D47 /* zh-Hans */ = {isa = PBXFileReference; lastKnownFileType = text.plist.strings; name = "zh-Hans"; path = "zh-Hans.lproj/InfoPlist.strings"; sourceTree = "<group>"; };
		52AD42FF1F7F164B00306D47 /* zh-Hans */ = {isa = PBXFileReference; lastKnownFileType = text.plist.strings; name = "zh-Hans"; path = "zh-Hans.lproj/InfoPlist.strings"; sourceTree = "<group>"; };
		52AD43011F7F164C00306D47 /* zh-Hans */ = {isa = PBXFileReference; lastKnownFileType = text.plist.strings; name = "zh-Hans"; path = "zh-Hans.lproj/LaunchScreen.strings"; sourceTree = "<group>"; };
		52AD43051F7F164F00306D47 /* zh-Hans */ = {isa = PBXFileReference; lastKnownFileType = text.plist.strings; name = "zh-Hans"; path = "zh-Hans.lproj/InfoPlist.strings"; sourceTree = "<group>"; };
		52AD430A1F7F19E800306D47 /* zh-Hans */ = {isa = PBXFileReference; lastKnownFileType = text.plist.strings; name = "zh-Hans"; path = "zh-Hans.lproj/Localizable.strings"; sourceTree = "<group>"; };
		52AD43141F7F19EA00306D47 /* zh-Hans */ = {isa = PBXFileReference; lastKnownFileType = text.plist.strings; name = "zh-Hans"; path = "zh-Hans.lproj/Localizable.strings"; sourceTree = "<group>"; };
		52AD43191F7F1A3500306D47 /* zh-Hans */ = {isa = PBXFileReference; lastKnownFileType = text.plist.strings; name = "zh-Hans"; path = "zh-Hans.lproj/Localizable.strings"; sourceTree = "<group>"; };
		52AD43231F7F1AE600306D47 /* en */ = {isa = PBXFileReference; lastKnownFileType = text.plist.strings; name = en; path = en.lproj/InfoPlist.strings; sourceTree = "<group>"; };
		52AD43241F7F1AE700306D47 /* en */ = {isa = PBXFileReference; lastKnownFileType = text.plist.strings; name = en; path = en.lproj/InfoPlist.strings; sourceTree = "<group>"; };
		52AD43251F7F1AE800306D47 /* en */ = {isa = PBXFileReference; lastKnownFileType = text.plist.strings; name = en; path = en.lproj/InfoPlist.strings; sourceTree = "<group>"; };
		52AD43261F7F1AE900306D47 /* en */ = {isa = PBXFileReference; lastKnownFileType = text.plist.strings; name = en; path = en.lproj/InfoPlist.strings; sourceTree = "<group>"; };
		52AD43271F7F1AE900306D47 /* en */ = {isa = PBXFileReference; lastKnownFileType = text.plist.strings; name = en; path = en.lproj/Main.strings; sourceTree = "<group>"; };
		52AD43281F7F1AEA00306D47 /* en */ = {isa = PBXFileReference; lastKnownFileType = text.plist.strings; name = en; path = en.lproj/LaunchScreen.strings; sourceTree = "<group>"; };
		52AD43291F7F1AEB00306D47 /* en */ = {isa = PBXFileReference; lastKnownFileType = text.plist.strings; name = en; path = en.lproj/Localizable.strings; sourceTree = "<group>"; };
		52AD432A1F7F1AEC00306D47 /* en */ = {isa = PBXFileReference; lastKnownFileType = text.plist.strings; name = en; path = en.lproj/Localizable.strings; sourceTree = "<group>"; };
		52AD432B1F7F1AED00306D47 /* en */ = {isa = PBXFileReference; lastKnownFileType = text.plist.strings; name = en; path = en.lproj/Interface.strings; sourceTree = "<group>"; };
		52AD432C1F7F1AEE00306D47 /* en */ = {isa = PBXFileReference; lastKnownFileType = text.plist.strings; name = en; path = en.lproj/MainInterface.strings; sourceTree = "<group>"; };
		52AD432D1F7F1AEF00306D47 /* en */ = {isa = PBXFileReference; lastKnownFileType = text.plist.strings; name = en; path = en.lproj/Localizable.strings; sourceTree = "<group>"; };
		661B63C7EE71E9CD1C7726D2 /* Pods_TodayReminder.framework */ = {isa = PBXFileReference; explicitFileType = wrapper.framework; includeInIndex = 0; path = Pods_TodayReminder.framework; sourceTree = BUILT_PRODUCTS_DIR; };
		702D2BC21FE3F6E400F30C7B /* Utilities.swift */ = {isa = PBXFileReference; lastKnownFileType = sourcecode.swift; path = Utilities.swift; sourceTree = "<group>"; };
		7034F8171FE4025B002F03C7 /* Model 2.xcdatamodel */ = {isa = PBXFileReference; lastKnownFileType = wrapper.xcdatamodel; path = "Model 2.xcdatamodel"; sourceTree = "<group>"; };
		70B1726F1FF6A41D00FCA499 /* Pods-BirthdayReminder-acknowledgements.plist */ = {isa = PBXFileReference; fileEncoding = 4; lastKnownFileType = text.plist.xml; name = "Pods-BirthdayReminder-acknowledgements.plist"; path = "Pods/Target Support Files/Pods-BirthdayReminder/Pods-BirthdayReminder-acknowledgements.plist"; sourceTree = SOURCE_ROOT; };
		70C5EF801FDBFD460068FAC2 /* NotificationManager.swift */ = {isa = PBXFileReference; lastKnownFileType = sourcecode.swift; path = NotificationManager.swift; sourceTree = "<group>"; };
		70C72BEF1FDD20D60079AF2D /* PresentingViewController.swift */ = {isa = PBXFileReference; lastKnownFileType = sourcecode.swift; path = PresentingViewController.swift; sourceTree = "<group>"; };
		723C01758E594FD75BD5EA99 /* Pods_WatchReminder.framework */ = {isa = PBXFileReference; explicitFileType = wrapper.framework; includeInIndex = 0; path = Pods_WatchReminder.framework; sourceTree = BUILT_PRODUCTS_DIR; };
		9E8E2A6B24D19E5804BE59DB /* Pods-BirthdayReminder.debug.xcconfig */ = {isa = PBXFileReference; includeInIndex = 1; lastKnownFileType = text.xcconfig; name = "Pods-BirthdayReminder.debug.xcconfig"; path = "Pods/Target Support Files/Pods-BirthdayReminder/Pods-BirthdayReminder.debug.xcconfig"; sourceTree = "<group>"; };
		9FCDD88D92AEE57FE4CD5285 /* Pods_BirthdayReminder.framework */ = {isa = PBXFileReference; explicitFileType = wrapper.framework; includeInIndex = 0; path = Pods_BirthdayReminder.framework; sourceTree = BUILT_PRODUCTS_DIR; };
		B0095EC21F6D80C50049AF0D /* AnimeCell.swift */ = {isa = PBXFileReference; lastKnownFileType = sourcecode.swift; path = AnimeCell.swift; sourceTree = "<group>"; };
		B00F7AFF1F1EEEC700496843 /* GetPersonalDataFromServerViewController.swift */ = {isa = PBXFileReference; lastKnownFileType = sourcecode.swift; path = GetPersonalDataFromServerViewController.swift; sourceTree = "<group>"; };
		B00F7B011F1EEEC700496843 /* AnimeGettingFromServerViewController.swift */ = {isa = PBXFileReference; lastKnownFileType = sourcecode.swift; path = AnimeGettingFromServerViewController.swift; sourceTree = "<group>"; };
		B0126A8E1F34275200C74F73 /* WatchReminder.entitlements */ = {isa = PBXFileReference; lastKnownFileType = text.plist.entitlements; path = WatchReminder.entitlements; sourceTree = "<group>"; };
		B0126A8F1F34275A00C74F73 /* WatchReminder Extension.entitlements */ = {isa = PBXFileReference; lastKnownFileType = text.plist.entitlements; path = "WatchReminder Extension.entitlements"; sourceTree = "<group>"; };
		B022842E1FAEB58E00932EEB /* MainTabBarController.swift */ = {isa = PBXFileReference; lastKnownFileType = sourcecode.swift; path = MainTabBarController.swift; sourceTree = "<group>"; };
		B029294C1F26E79000AD0BC1 /* TodayReminder.appex */ = {isa = PBXFileReference; explicitFileType = "wrapper.app-extension"; includeInIndex = 0; path = TodayReminder.appex; sourceTree = BUILT_PRODUCTS_DIR; };
		B029294D1F26E79000AD0BC1 /* NotificationCenter.framework */ = {isa = PBXFileReference; lastKnownFileType = wrapper.framework; name = NotificationCenter.framework; path = System/Library/Frameworks/NotificationCenter.framework; sourceTree = SDKROOT; };
		B02929501F26E79000AD0BC1 /* TodayViewController.swift */ = {isa = PBXFileReference; lastKnownFileType = sourcecode.swift; path = TodayViewController.swift; sourceTree = "<group>"; };
		B02929531F26E79000AD0BC1 /* Base */ = {isa = PBXFileReference; lastKnownFileType = file.storyboard; name = Base; path = Base.lproj/MainInterface.storyboard; sourceTree = "<group>"; };
		B02929551F26E79000AD0BC1 /* Info.plist */ = {isa = PBXFileReference; lastKnownFileType = text.plist.xml; path = Info.plist; sourceTree = "<group>"; };
		B02F096A1F6C524A007EF8C1 /* PersonalCell.swift */ = {isa = PBXFileReference; lastKnownFileType = sourcecode.swift; path = PersonalCell.swift; sourceTree = "<group>"; };
		B02FC57D1F596E2400EAB6E6 /* Protocols.swift */ = {isa = PBXFileReference; lastKnownFileType = sourcecode.swift; path = Protocols.swift; sourceTree = "<group>"; };
		B031B91E1F81D81D001AE7DC /* Tutorial.swift */ = {isa = PBXFileReference; lastKnownFileType = sourcecode.swift; path = Tutorial.swift; sourceTree = "<group>"; };
		B049DC9A1F1EEDA9008634C5 /* AppDelegate.swift */ = {isa = PBXFileReference; lastKnownFileType = sourcecode.swift; path = AppDelegate.swift; sourceTree = "<group>"; };
		B05952F51F26EB23008AD597 /* TodayReminder.entitlements */ = {isa = PBXFileReference; lastKnownFileType = text.plist.entitlements; path = TodayReminder.entitlements; sourceTree = "<group>"; };
		B05FB0C81F6E21E70021263D /* ContactViewController.swift */ = {isa = PBXFileReference; lastKnownFileType = sourcecode.swift; path = ContactViewController.swift; sourceTree = "<group>"; };
		B06043991F3C9978007D1016 /* SettingsViewController.swift */ = {isa = PBXFileReference; lastKnownFileType = sourcecode.swift; path = SettingsViewController.swift; sourceTree = "<group>"; };
		B06883541F1EEB2D00831AA6 /* BirthdayReminder.app */ = {isa = PBXFileReference; explicitFileType = wrapper.application; includeInIndex = 0; path = BirthdayReminder.app; sourceTree = BUILT_PRODUCTS_DIR; };
		B068835C1F1EEB2D00831AA6 /* Base */ = {isa = PBXFileReference; lastKnownFileType = file.storyboard; name = Base; path = Base.lproj/Main.storyboard; sourceTree = "<group>"; };
		B068835E1F1EEB2D00831AA6 /* Assets.xcassets */ = {isa = PBXFileReference; lastKnownFileType = folder.assetcatalog; path = Assets.xcassets; sourceTree = "<group>"; };
		B06883611F1EEB2D00831AA6 /* Base */ = {isa = PBXFileReference; lastKnownFileType = file.storyboard; name = Base; path = Base.lproj/LaunchScreen.storyboard; sourceTree = "<group>"; };
		B06883631F1EEB2D00831AA6 /* Info.plist */ = {isa = PBXFileReference; lastKnownFileType = text.plist.xml; path = Info.plist; sourceTree = "<group>"; };
		B06883791F1EECEA00831AA6 /* FileManaging.swift */ = {isa = PBXFileReference; fileEncoding = 4; lastKnownFileType = sourcecode.swift; path = FileManaging.swift; sourceTree = "<group>"; };
		B068837B1F1EECF100831AA6 /* Network.swift */ = {isa = PBXFileReference; fileEncoding = 4; lastKnownFileType = sourcecode.swift; path = Network.swift; sourceTree = "<group>"; };
		B077FA141F20D80E0065550A /* BirthdayReminder.entitlements */ = {isa = PBXFileReference; lastKnownFileType = text.plist.entitlements; path = BirthdayReminder.entitlements; sourceTree = "<group>"; };
		B08060131F820E6B00115399 /* PermissionRequestingController.swift */ = {isa = PBXFileReference; lastKnownFileType = sourcecode.swift; path = PermissionRequestingController.swift; sourceTree = "<group>"; };
		B0811C931F282DA00006CBC5 /* TableRowController.swift */ = {isa = PBXFileReference; lastKnownFileType = sourcecode.swift; path = TableRowController.swift; sourceTree = "<group>"; };
		B0990F1A1F27578400D26557 /* WatchReminder.app */ = {isa = PBXFileReference; explicitFileType = wrapper.application; includeInIndex = 0; path = WatchReminder.app; sourceTree = BUILT_PRODUCTS_DIR; };
		B0990F1D1F27578400D26557 /* Base */ = {isa = PBXFileReference; lastKnownFileType = file.storyboard; name = Base; path = Base.lproj/Interface.storyboard; sourceTree = "<group>"; };
		B0990F1F1F27578400D26557 /* Assets.xcassets */ = {isa = PBXFileReference; lastKnownFileType = folder.assetcatalog; path = Assets.xcassets; sourceTree = "<group>"; };
		B0990F211F27578400D26557 /* Info.plist */ = {isa = PBXFileReference; lastKnownFileType = text.plist.xml; path = Info.plist; sourceTree = "<group>"; };
		B0990F261F27578400D26557 /* WatchReminder Extension.appex */ = {isa = PBXFileReference; explicitFileType = "wrapper.app-extension"; includeInIndex = 0; path = "WatchReminder Extension.appex"; sourceTree = BUILT_PRODUCTS_DIR; };
		B0990F2C1F27578400D26557 /* PushNotificationPayload.apns */ = {isa = PBXFileReference; lastKnownFileType = text; path = PushNotificationPayload.apns; sourceTree = "<group>"; };
		B0990F2D1F27578400D26557 /* InterfaceController.swift */ = {isa = PBXFileReference; lastKnownFileType = sourcecode.swift; path = InterfaceController.swift; sourceTree = "<group>"; };
		B0990F2F1F27578400D26557 /* ExtensionDelegate.swift */ = {isa = PBXFileReference; lastKnownFileType = sourcecode.swift; path = ExtensionDelegate.swift; sourceTree = "<group>"; };
		B0990F311F27578400D26557 /* NotificationController.swift */ = {isa = PBXFileReference; lastKnownFileType = sourcecode.swift; path = NotificationController.swift; sourceTree = "<group>"; };
		B0990F331F27578400D26557 /* ComplicationController.swift */ = {isa = PBXFileReference; lastKnownFileType = sourcecode.swift; path = ComplicationController.swift; sourceTree = "<group>"; };
		B0990F351F27578400D26557 /* Assets.xcassets */ = {isa = PBXFileReference; lastKnownFileType = folder.assetcatalog; path = Assets.xcassets; sourceTree = "<group>"; };
		B0990F371F27578400D26557 /* Info.plist */ = {isa = PBXFileReference; lastKnownFileType = text.plist.xml; path = Info.plist; sourceTree = "<group>"; };
		B0A46CC91F4168B7000E5F30 /* Media.xcassets */ = {isa = PBXFileReference; lastKnownFileType = folder.assetcatalog; path = Media.xcassets; sourceTree = "<group>"; };
		B0AB99D21F244E79006C8F29 /* BirthComputing.swift */ = {isa = PBXFileReference; lastKnownFileType = sourcecode.swift; path = BirthComputing.swift; sourceTree = "<group>"; };
		B0B18E411F204FC000B0A0A8 /* MobileCoreServices.framework */ = {isa = PBXFileReference; lastKnownFileType = wrapper.framework; name = MobileCoreServices.framework; path = System/Library/Frameworks/MobileCoreServices.framework; sourceTree = SDKROOT; };
		B0C857871FC0EC6800E0DE97 /* RoundConerTableViewCell.swift */ = {isa = PBXFileReference; lastKnownFileType = sourcecode.swift; path = RoundConerTableViewCell.swift; sourceTree = "<group>"; };
		B0CD6B681F6D103A009899FE /* PersonFormController.swift */ = {isa = PBXFileReference; lastKnownFileType = sourcecode.swift; path = PersonFormController.swift; sourceTree = "<group>"; };
		B0E009551FB721A200443471 /* BirthCardController.swift */ = {isa = PBXFileReference; lastKnownFileType = sourcecode.swift; path = BirthCardController.swift; sourceTree = "<group>"; };
		B0F0A44D1F20E143004DED3D /* IndexViewController.swift */ = {isa = PBXFileReference; lastKnownFileType = sourcecode.swift; path = IndexViewController.swift; sourceTree = "<group>"; };
		B0F0CE7F1F890D750055C00A /* DatePickingRow.swift */ = {isa = PBXFileReference; lastKnownFileType = sourcecode.swift; path = DatePickingRow.swift; sourceTree = "<group>"; };
		B0F922D51F64187A0059DFDC /* Constants&Settings.swift */ = {isa = PBXFileReference; lastKnownFileType = sourcecode.swift; path = "Constants&Settings.swift"; sourceTree = "<group>"; };
		B0FB3E0C1F4FD3790022509B /* zh-Hans */ = {isa = PBXFileReference; lastKnownFileType = text.plist.strings; name = "zh-Hans"; path = "zh-Hans.lproj/Main.strings"; sourceTree = "<group>"; };
		B0FB3E0D1F4FD3790022509B /* zh-Hans */ = {isa = PBXFileReference; lastKnownFileType = text.plist.strings; name = "zh-Hans"; path = "zh-Hans.lproj/MainInterface.strings"; sourceTree = "<group>"; };
		B0FB3E0E1F4FD3790022509B /* zh-Hans */ = {isa = PBXFileReference; lastKnownFileType = text.plist.strings; name = "zh-Hans"; path = "zh-Hans.lproj/Interface.strings"; sourceTree = "<group>"; };
		BA622C34FD96AFBF6E0D84F6 /* Pods-BirthdayReminder.release.xcconfig */ = {isa = PBXFileReference; includeInIndex = 1; lastKnownFileType = text.xcconfig; name = "Pods-BirthdayReminder.release.xcconfig"; path = "Pods/Target Support Files/Pods-BirthdayReminder/Pods-BirthdayReminder.release.xcconfig"; sourceTree = "<group>"; };
/* End PBXFileReference section */

/* Begin PBXFrameworksBuildPhase section */
		5232355E1FDCB8EA00CAB37D /* Frameworks */ = {
			isa = PBXFrameworksBuildPhase;
			buildActionMask = 2147483647;
			files = (
			);
			runOnlyForDeploymentPostprocessing = 0;
		};
		6A449275943E71A2DF2DD293 /* Frameworks */ = {
			isa = PBXFrameworksBuildPhase;
			buildActionMask = 2147483647;
			files = (
			);
			runOnlyForDeploymentPostprocessing = 0;
		};
		B02929491F26E79000AD0BC1 /* Frameworks */ = {
			isa = PBXFrameworksBuildPhase;
			buildActionMask = 2147483647;
			files = (
				B029294E1F26E79000AD0BC1 /* NotificationCenter.framework in Frameworks */,
			);
			runOnlyForDeploymentPostprocessing = 0;
		};
		B06883511F1EEB2D00831AA6 /* Frameworks */ = {
			isa = PBXFrameworksBuildPhase;
			buildActionMask = 2147483647;
			files = (
				A435AA602AA462230C2E03DD /* Pods_BirthdayReminder.framework in Frameworks */,
			);
			runOnlyForDeploymentPostprocessing = 0;
		};
		B0990F231F27578400D26557 /* Frameworks */ = {
			isa = PBXFrameworksBuildPhase;
			buildActionMask = 2147483647;
			files = (
			);
			runOnlyForDeploymentPostprocessing = 0;
		};
/* End PBXFrameworksBuildPhase section */

/* Begin PBXGroup section */
		523235621FDCB8EA00CAB37D /* BirthReminderTests */ = {
			isa = PBXGroup;
			children = (
				5232356B1FDCB96200CAB37D /* BirthComputingTests.swift */,
				523235651FDCB8EA00CAB37D /* Info.plist */,
			);
			path = BirthReminderTests;
			sourceTree = "<group>";
		};
		526C89B81F7F3640006A2E57 /* Supporting Files */ = {
			isa = PBXGroup;
			children = (
				52AD430B1F7F19E800306D47 /* Localizable.strings */,
				52AD43061F7F164F00306D47 /* InfoPlist.strings */,
				B05952F51F26EB23008AD597 /* TodayReminder.entitlements */,
				B02929551F26E79000AD0BC1 /* Info.plist */,
			);
			name = "Supporting Files";
			sourceTree = "<group>";
		};
		526C89B91F7F36FE006A2E57 /* Supporting Files */ = {
			isa = PBXGroup;
			children = (
				52AD43001F7F164B00306D47 /* InfoPlist.strings */,
				B0126A8E1F34275200C74F73 /* WatchReminder.entitlements */,
				B0990F211F27578400D26557 /* Info.plist */,
			);
			name = "Supporting Files";
			sourceTree = "<group>";
		};
		526C89BA1F7F3719006A2E57 /* Supporting Files */ = {
			isa = PBXGroup;
			children = (
				52AD431A1F7F1A3500306D47 /* Localizable.strings */,
				52AD42F61F7F164700306D47 /* InfoPlist.strings */,
				B077FA141F20D80E0065550A /* BirthdayReminder.entitlements */,
				B06883631F1EEB2D00831AA6 /* Info.plist */,
			);
			name = "Supporting Files";
			sourceTree = "<group>";
		};
		52AD43331F7F1C1300306D47 /* Localization */ = {
			isa = PBXGroup;
			children = (
				526C89C51F7F3E4D006A2E57 /* Localizable.stringsdict */,
			);
			path = Localization;
			sourceTree = "<group>";
		};
		70C5EF7F1FDBFD2C0068FAC2 /* Model */ = {
			isa = PBXGroup;
			children = (
				70C5EF801FDBFD460068FAC2 /* NotificationManager.swift */,
				70C72BEF1FDD20D60079AF2D /* PresentingViewController.swift */,
			);
			path = Model;
			sourceTree = "<group>";
		};
		B029294F1F26E79000AD0BC1 /* TodayReminder */ = {
			isa = PBXGroup;
			children = (
				B02929501F26E79000AD0BC1 /* TodayViewController.swift */,
				B02929521F26E79000AD0BC1 /* MainInterface.storyboard */,
				526C89B81F7F3640006A2E57 /* Supporting Files */,
			);
			path = TodayReminder;
			sourceTree = "<group>";
		};
		B049DC9C1F1EEE31008634C5 /* Controllers */ = {
			isa = PBXGroup;
			children = (
				B031B91E1F81D81D001AE7DC /* Tutorial.swift */,
				B022842E1FAEB58E00932EEB /* MainTabBarController.swift */,
				B08060131F820E6B00115399 /* PermissionRequestingController.swift */,
				B0CD6B681F6D103A009899FE /* PersonFormController.swift */,
				B00F7B011F1EEEC700496843 /* AnimeGettingFromServerViewController.swift */,
				B0E009551FB721A200443471 /* BirthCardController.swift */,
				B00F7AFF1F1EEEC700496843 /* GetPersonalDataFromServerViewController.swift */,
				B06043991F3C9978007D1016 /* SettingsViewController.swift */,
				B0F0A44D1F20E143004DED3D /* IndexViewController.swift */,
				B05FB0C81F6E21E70021263D /* ContactViewController.swift */,
			);
			path = Controllers;
			sourceTree = "<group>";
		};
		B068834B1F1EEB2D00831AA6 = {
			isa = PBXGroup;
			children = (
				B06883721F1EEC9D00831AA6 /* Universal */,
				B06883561F1EEB2D00831AA6 /* BirthdayReminder */,
				B029294F1F26E79000AD0BC1 /* TodayReminder */,
				B0990F1B1F27578400D26557 /* WatchReminder */,
				B0990F2A1F27578400D26557 /* WatchReminder Extension */,
				523235621FDCB8EA00CAB37D /* BirthReminderTests */,
				B06883551F1EEB2D00831AA6 /* Products */,
				B22BCE9328D65D5E0F0246C3 /* Pods */,
				C36CBA21C215B6052304E768 /* Frameworks */,
			);
			sourceTree = "<group>";
		};
		B06883551F1EEB2D00831AA6 /* Products */ = {
			isa = PBXGroup;
			children = (
				B06883541F1EEB2D00831AA6 /* BirthdayReminder.app */,
				B029294C1F26E79000AD0BC1 /* TodayReminder.appex */,
				B0990F1A1F27578400D26557 /* WatchReminder.app */,
				B0990F261F27578400D26557 /* WatchReminder Extension.appex */,
				523235611FDCB8EA00CAB37D /* BirthReminderTests.xctest */,
			);
			name = Products;
			sourceTree = "<group>";
		};
		B06883561F1EEB2D00831AA6 /* BirthdayReminder */ = {
			isa = PBXGroup;
			children = (
				70B1726F1FF6A41D00FCA499 /* Pods-BirthdayReminder-acknowledgements.plist */,
				B0A46CC91F4168B7000E5F30 /* Media.xcassets */,
				70C5EF7F1FDBFD2C0068FAC2 /* Model */,
				B081452C1F4E7967007D8DD0 /* Views */,
				B049DC9C1F1EEE31008634C5 /* Controllers */,
				B049DC9A1F1EEDA9008634C5 /* AppDelegate.swift */,
				B068835B1F1EEB2D00831AA6 /* Main.storyboard */,
				B068835E1F1EEB2D00831AA6 /* Assets.xcassets */,
				B06883601F1EEB2D00831AA6 /* LaunchScreen.storyboard */,
				526C89BA1F7F3719006A2E57 /* Supporting Files */,
			);
			path = BirthdayReminder;
			sourceTree = "<group>";
		};
		B06883721F1EEC9D00831AA6 /* Universal */ = {
			isa = PBXGroup;
			children = (
				B0F922D51F64187A0059DFDC /* Constants&Settings.swift */,
				702D2BC21FE3F6E400F30C7B /* Utilities.swift */,
				52AD43331F7F1C1300306D47 /* Localization */,
				B0AB99D41F244E7F006C8F29 /* BirthComputing */,
				B06883771F1EECBE00831AA6 /* File&Data Managing */,
				B06883781F1EECD400831AA6 /* Network */,
			);
			path = Universal;
			sourceTree = "<group>";
		};
		B06883771F1EECBE00831AA6 /* File&Data Managing */ = {
			isa = PBXGroup;
			children = (
				B06883791F1EECEA00831AA6 /* FileManaging.swift */,
				B02FC57D1F596E2400EAB6E6 /* Protocols.swift */,
				52AD42ED1F7ED82900306D47 /* Model.xcdatamodeld */,
			);
			name = "File&Data Managing";
			path = "File&DataManaging";
			sourceTree = "<group>";
		};
		B06883781F1EECD400831AA6 /* Network */ = {
			isa = PBXGroup;
			children = (
				B068837B1F1EECF100831AA6 /* Network.swift */,
			);
			path = Network;
			sourceTree = "<group>";
		};
		B081452C1F4E7967007D8DD0 /* Views */ = {
			isa = PBXGroup;
			children = (
				B0095EC21F6D80C50049AF0D /* AnimeCell.swift */,
				B02F096A1F6C524A007EF8C1 /* PersonalCell.swift */,
				B0F0CE7F1F890D750055C00A /* DatePickingRow.swift */,
				B0C857871FC0EC6800E0DE97 /* RoundConerTableViewCell.swift */,
			);
			path = Views;
			sourceTree = "<group>";
		};
		B0990F1B1F27578400D26557 /* WatchReminder */ = {
			isa = PBXGroup;
			children = (
				B0990F1C1F27578400D26557 /* Interface.storyboard */,
				B0990F1F1F27578400D26557 /* Assets.xcassets */,
				526C89B91F7F36FE006A2E57 /* Supporting Files */,
			);
			path = WatchReminder;
			sourceTree = "<group>";
		};
		B0990F2A1F27578400D26557 /* WatchReminder Extension */ = {
			isa = PBXGroup;
			children = (
				B0990F2D1F27578400D26557 /* InterfaceController.swift */,
				B0811C931F282DA00006CBC5 /* TableRowController.swift */,
				B0990F2F1F27578400D26557 /* ExtensionDelegate.swift */,
				B0990F311F27578400D26557 /* NotificationController.swift */,
				B0990F331F27578400D26557 /* ComplicationController.swift */,
				B0990F351F27578400D26557 /* Assets.xcassets */,
				B0990F2B1F27578400D26557 /* Supporting Files */,
			);
			path = "WatchReminder Extension";
			sourceTree = "<group>";
		};
		B0990F2B1F27578400D26557 /* Supporting Files */ = {
			isa = PBXGroup;
			children = (
				52AD43151F7F19EA00306D47 /* Localizable.strings */,
				52AD42FB1F7F164900306D47 /* InfoPlist.strings */,
				B0126A8F1F34275A00C74F73 /* WatchReminder Extension.entitlements */,
				B0990F371F27578400D26557 /* Info.plist */,
				B0990F2C1F27578400D26557 /* PushNotificationPayload.apns */,
			);
			name = "Supporting Files";
			sourceTree = "<group>";
		};
		B0AB99D41F244E7F006C8F29 /* BirthComputing */ = {
			isa = PBXGroup;
			children = (
				B0AB99D21F244E79006C8F29 /* BirthComputing.swift */,
			);
			path = BirthComputing;
			sourceTree = "<group>";
		};
		B22BCE9328D65D5E0F0246C3 /* Pods */ = {
			isa = PBXGroup;
			children = (
				9E8E2A6B24D19E5804BE59DB /* Pods-BirthdayReminder.debug.xcconfig */,
				BA622C34FD96AFBF6E0D84F6 /* Pods-BirthdayReminder.release.xcconfig */,
			);
			name = Pods;
			sourceTree = "<group>";
		};
		C36CBA21C215B6052304E768 /* Frameworks */ = {
			isa = PBXGroup;
			children = (
				B0B18E411F204FC000B0A0A8 /* MobileCoreServices.framework */,
				9FCDD88D92AEE57FE4CD5285 /* Pods_BirthdayReminder.framework */,
				B029294D1F26E79000AD0BC1 /* NotificationCenter.framework */,
				661B63C7EE71E9CD1C7726D2 /* Pods_TodayReminder.framework */,
				723C01758E594FD75BD5EA99 /* Pods_WatchReminder.framework */,
				1800E9202D3A3F234EA230AA /* Pods_WatchReminder_Extension.framework */,
			);
			name = Frameworks;
			sourceTree = "<group>";
		};
/* End PBXGroup section */

/* Begin PBXNativeTarget section */
		523235601FDCB8EA00CAB37D /* BirthReminderTests */ = {
			isa = PBXNativeTarget;
			buildConfigurationList = 5232356A1FDCB8EA00CAB37D /* Build configuration list for PBXNativeTarget "BirthReminderTests" */;
			buildPhases = (
				5232355D1FDCB8EA00CAB37D /* Sources */,
				5232355E1FDCB8EA00CAB37D /* Frameworks */,
				5232355F1FDCB8EA00CAB37D /* Resources */,
			);
			buildRules = (
			);
			dependencies = (
				523235671FDCB8EA00CAB37D /* PBXTargetDependency */,
			);
			name = BirthReminderTests;
			productName = BirthReminderTests;
			productReference = 523235611FDCB8EA00CAB37D /* BirthReminderTests.xctest */;
			productType = "com.apple.product-type.bundle.unit-test";
		};
		B029294B1F26E79000AD0BC1 /* TodayReminder */ = {
			isa = PBXNativeTarget;
			buildConfigurationList = B029295B1F26E79000AD0BC1 /* Build configuration list for PBXNativeTarget "TodayReminder" */;
			buildPhases = (
				B02929481F26E79000AD0BC1 /* Sources */,
				B02929491F26E79000AD0BC1 /* Frameworks */,
				B029294A1F26E79000AD0BC1 /* Resources */,
			);
			buildRules = (
			);
			dependencies = (
			);
			name = TodayReminder;
			productName = TodayReminder;
			productReference = B029294C1F26E79000AD0BC1 /* TodayReminder.appex */;
			productType = "com.apple.product-type.app-extension";
		};
		B06883531F1EEB2D00831AA6 /* BirthdayReminder */ = {
			isa = PBXNativeTarget;
			buildConfigurationList = B06883661F1EEB2D00831AA6 /* Build configuration list for PBXNativeTarget "BirthdayReminder" */;
			buildPhases = (
				F40D5D1B16061A1051AD9097 /* [CP] Check Pods Manifest.lock */,
				B06883501F1EEB2D00831AA6 /* Sources */,
				B06883511F1EEB2D00831AA6 /* Frameworks */,
				B06883521F1EEB2D00831AA6 /* Resources */,
				AD353590856FD53846237A21 /* [CP] Embed Pods Frameworks */,
				339023E7E3118B8AB5D2C8CB /* [CP] Copy Pods Resources */,
				B029295C1F26E79000AD0BC1 /* Embed App Extensions */,
				B0990F421F27578400D26557 /* Embed Watch Content */,
			);
			buildRules = (
			);
			dependencies = (
				B02929571F26E79000AD0BC1 /* PBXTargetDependency */,
				B0990F391F27578400D26557 /* PBXTargetDependency */,
			);
			name = BirthdayReminder;
			productName = BirthdayReminder;
			productReference = B06883541F1EEB2D00831AA6 /* BirthdayReminder.app */;
			productType = "com.apple.product-type.application";
		};
		B0990F191F27578400D26557 /* WatchReminder */ = {
			isa = PBXNativeTarget;
			buildConfigurationList = B0990F411F27578400D26557 /* Build configuration list for PBXNativeTarget "WatchReminder" */;
			buildPhases = (
				B0990F181F27578400D26557 /* Resources */,
				6A449275943E71A2DF2DD293 /* Frameworks */,
				B0D18E531F6E031100B2B789 /* Embed App Extensions */,
			);
			buildRules = (
			);
			dependencies = (
				B0D18E521F6E031100B2B789 /* PBXTargetDependency */,
			);
			name = WatchReminder;
			productName = WatchReminder;
			productReference = B0990F1A1F27578400D26557 /* WatchReminder.app */;
			productType = "com.apple.product-type.application.watchapp2";
		};
		B0990F251F27578400D26557 /* WatchReminder Extension */ = {
			isa = PBXNativeTarget;
			buildConfigurationList = B0990F3F1F27578400D26557 /* Build configuration list for PBXNativeTarget "WatchReminder Extension" */;
			buildPhases = (
				B0990F221F27578400D26557 /* Sources */,
				B0990F231F27578400D26557 /* Frameworks */,
				B0990F241F27578400D26557 /* Resources */,
			);
			buildRules = (
			);
			dependencies = (
			);
			name = "WatchReminder Extension";
			productName = "WatchReminder Extension";
			productReference = B0990F261F27578400D26557 /* WatchReminder Extension.appex */;
			productType = "com.apple.product-type.watchkit2-extension";
		};
/* End PBXNativeTarget section */

/* Begin PBXProject section */
		B068834C1F1EEB2D00831AA6 /* Project object */ = {
			isa = PBXProject;
			attributes = {
				LastSwiftUpdateCheck = 0920;
				LastUpgradeCheck = 0900;
				ORGANIZATIONNAME = CaptainYukinoshitaHachiman;
				TargetAttributes = {
					523235601FDCB8EA00CAB37D = {
						CreatedOnToolsVersion = 9.2;
						ProvisioningStyle = Automatic;
						TestTargetID = B06883531F1EEB2D00831AA6;
					};
					B029294B1F26E79000AD0BC1 = {
						CreatedOnToolsVersion = 8.3.3;
						DevelopmentTeam = F248CK9C8M;
						LastSwiftMigration = 0900;
						ProvisioningStyle = Automatic;
						SystemCapabilities = {
							com.apple.ApplicationGroups.iOS = {
								enabled = 1;
							};
							com.apple.Push = {
								enabled = 1;
							};
						};
					};
					B06883531F1EEB2D00831AA6 = {
						CreatedOnToolsVersion = 8.3.3;
						DevelopmentTeam = F248CK9C8M;
						LastSwiftMigration = 0900;
						ProvisioningStyle = Automatic;
						SystemCapabilities = {
							com.apple.ApplicationGroups.iOS = {
								enabled = 1;
							};
							com.apple.BackgroundModes = {
								enabled = 1;
							};
							com.apple.Push = {
								enabled = 1;
							};
							com.apple.iCloud = {
								enabled = 0;
							};
						};
					};
					B0990F191F27578400D26557 = {
						CreatedOnToolsVersion = 8.3.3;
						DevelopmentTeam = F248CK9C8M;
						LastSwiftMigration = 0900;
						ProvisioningStyle = Automatic;
						SystemCapabilities = {
							com.apple.ApplicationGroups.iOS = {
								enabled = 1;
							};
						};
					};
					B0990F251F27578400D26557 = {
						CreatedOnToolsVersion = 8.3.3;
						DevelopmentTeam = F248CK9C8M;
						LastSwiftMigration = 0900;
						ProvisioningStyle = Automatic;
						SystemCapabilities = {
							com.apple.ApplicationGroups.iOS = {
								enabled = 1;
							};
							com.apple.BackgroundModes.watchos.extension = {
								enabled = 0;
							};
							com.apple.Push = {
								enabled = 1;
							};
						};
					};
				};
			};
			buildConfigurationList = B068834F1F1EEB2D00831AA6 /* Build configuration list for PBXProject "BirthdayReminder" */;
			compatibilityVersion = "Xcode 3.2";
			developmentRegion = English;
			hasScannedForEncodings = 0;
			knownRegions = (
				en,
				Base,
				"zh-Hans",
			);
			mainGroup = B068834B1F1EEB2D00831AA6;
			productRefGroup = B06883551F1EEB2D00831AA6 /* Products */;
			projectDirPath = "";
			projectRoot = "";
			targets = (
				B06883531F1EEB2D00831AA6 /* BirthdayReminder */,
				B029294B1F26E79000AD0BC1 /* TodayReminder */,
				B0990F191F27578400D26557 /* WatchReminder */,
				B0990F251F27578400D26557 /* WatchReminder Extension */,
				523235601FDCB8EA00CAB37D /* BirthReminderTests */,
			);
		};
/* End PBXProject section */

/* Begin PBXResourcesBuildPhase section */
		5232355F1FDCB8EA00CAB37D /* Resources */ = {
			isa = PBXResourcesBuildPhase;
			buildActionMask = 2147483647;
			files = (
			);
			runOnlyForDeploymentPostprocessing = 0;
		};
		B029294A1F26E79000AD0BC1 /* Resources */ = {
			isa = PBXResourcesBuildPhase;
			buildActionMask = 2147483647;
			files = (
				526C89C21F7F3E4D006A2E57 /* Localizable.stringsdict in Resources */,
				B02929541F26E79000AD0BC1 /* MainInterface.storyboard in Resources */,
				52AD43091F7F19E800306D47 /* Localizable.strings in Resources */,
				52AD43041F7F164F00306D47 /* InfoPlist.strings in Resources */,
			);
			runOnlyForDeploymentPostprocessing = 0;
		};
		B06883521F1EEB2D00831AA6 /* Resources */ = {
			isa = PBXResourcesBuildPhase;
			buildActionMask = 2147483647;
			files = (
				52AD42F41F7F164700306D47 /* InfoPlist.strings in Resources */,
				B0A46CCA1F4168B7000E5F30 /* Media.xcassets in Resources */,
				52AD43181F7F1A3500306D47 /* Localizable.strings in Resources */,
				B06883621F1EEB2D00831AA6 /* LaunchScreen.storyboard in Resources */,
				526C89C11F7F3E4D006A2E57 /* Localizable.stringsdict in Resources */,
				B068835F1F1EEB2D00831AA6 /* Assets.xcassets in Resources */,
				70B172701FF6A41D00FCA499 /* Pods-BirthdayReminder-acknowledgements.plist in Resources */,
				B068835D1F1EEB2D00831AA6 /* Main.storyboard in Resources */,
			);
			runOnlyForDeploymentPostprocessing = 0;
		};
		B0990F181F27578400D26557 /* Resources */ = {
			isa = PBXResourcesBuildPhase;
			buildActionMask = 2147483647;
			files = (
				B0990F201F27578400D26557 /* Assets.xcassets in Resources */,
				B0990F1E1F27578400D26557 /* Interface.storyboard in Resources */,
				52AD42FE1F7F164B00306D47 /* InfoPlist.strings in Resources */,
			);
			runOnlyForDeploymentPostprocessing = 0;
		};
		B0990F241F27578400D26557 /* Resources */ = {
			isa = PBXResourcesBuildPhase;
			buildActionMask = 2147483647;
			files = (
				526C89C31F7F3E4D006A2E57 /* Localizable.stringsdict in Resources */,
				B0990F361F27578400D26557 /* Assets.xcassets in Resources */,
				52AD43131F7F19EA00306D47 /* Localizable.strings in Resources */,
				52AD42F91F7F164900306D47 /* InfoPlist.strings in Resources */,
			);
			runOnlyForDeploymentPostprocessing = 0;
		};
/* End PBXResourcesBuildPhase section */

/* Begin PBXShellScriptBuildPhase section */
		339023E7E3118B8AB5D2C8CB /* [CP] Copy Pods Resources */ = {
			isa = PBXShellScriptBuildPhase;
			buildActionMask = 2147483647;
			files = (
			);
			inputPaths = (
			);
			name = "[CP] Copy Pods Resources";
			outputPaths = (
			);
			runOnlyForDeploymentPostprocessing = 0;
			shellPath = /bin/sh;
			shellScript = "\"${SRCROOT}/Pods/Target Support Files/Pods-BirthdayReminder/Pods-BirthdayReminder-resources.sh\"\n";
			showEnvVarsInLog = 0;
		};
		AD353590856FD53846237A21 /* [CP] Embed Pods Frameworks */ = {
			isa = PBXShellScriptBuildPhase;
			buildActionMask = 2147483647;
			files = (
			);
			inputPaths = (
				"${SRCROOT}/Pods/Target Support Files/Pods-BirthdayReminder/Pods-BirthdayReminder-frameworks.sh",
				"${BUILT_PRODUCTS_DIR}/AcknowList/AcknowList.framework",
				"${BUILT_PRODUCTS_DIR}/Alamofire/Alamofire.framework",
				"${BUILT_PRODUCTS_DIR}/CFNotify/CFNotify.framework",
				"${BUILT_PRODUCTS_DIR}/ChameleonFramework/ChameleonFramework.framework",
				"${BUILT_PRODUCTS_DIR}/Eureka/Eureka.framework",
				"${BUILT_PRODUCTS_DIR}/Floaty/Floaty.framework",
				"${BUILT_PRODUCTS_DIR}/ImageRow/ImageRow.framework",
				"${BUILT_PRODUCTS_DIR}/InAppNotify/InAppNotify.framework",
				"${BUILT_PRODUCTS_DIR}/Moya/Moya.framework",
				"${BUILT_PRODUCTS_DIR}/NVActivityIndicatorView/NVActivityIndicatorView.framework",
				"${BUILT_PRODUCTS_DIR}/ObjectMapper/ObjectMapper.framework",
				"${BUILT_PRODUCTS_DIR}/Onboard/Onboard.framework",
				"${BUILT_PRODUCTS_DIR}/PAPermissions/PAPermissions.framework",
				"${BUILT_PRODUCTS_DIR}/Result/Result.framework",
				"${BUILT_PRODUCTS_DIR}/SnapKit/SnapKit.framework",
				"${BUILT_PRODUCTS_DIR}/ViewAnimator/ViewAnimator.framework",
			);
			name = "[CP] Embed Pods Frameworks";
			outputPaths = (
				"${TARGET_BUILD_DIR}/${FRAMEWORKS_FOLDER_PATH}/AcknowList.framework",
				"${TARGET_BUILD_DIR}/${FRAMEWORKS_FOLDER_PATH}/Alamofire.framework",
				"${TARGET_BUILD_DIR}/${FRAMEWORKS_FOLDER_PATH}/CFNotify.framework",
				"${TARGET_BUILD_DIR}/${FRAMEWORKS_FOLDER_PATH}/ChameleonFramework.framework",
				"${TARGET_BUILD_DIR}/${FRAMEWORKS_FOLDER_PATH}/Eureka.framework",
				"${TARGET_BUILD_DIR}/${FRAMEWORKS_FOLDER_PATH}/Floaty.framework",
				"${TARGET_BUILD_DIR}/${FRAMEWORKS_FOLDER_PATH}/ImageRow.framework",
				"${TARGET_BUILD_DIR}/${FRAMEWORKS_FOLDER_PATH}/InAppNotify.framework",
				"${TARGET_BUILD_DIR}/${FRAMEWORKS_FOLDER_PATH}/Moya.framework",
				"${TARGET_BUILD_DIR}/${FRAMEWORKS_FOLDER_PATH}/NVActivityIndicatorView.framework",
				"${TARGET_BUILD_DIR}/${FRAMEWORKS_FOLDER_PATH}/ObjectMapper.framework",
				"${TARGET_BUILD_DIR}/${FRAMEWORKS_FOLDER_PATH}/Onboard.framework",
				"${TARGET_BUILD_DIR}/${FRAMEWORKS_FOLDER_PATH}/PAPermissions.framework",
				"${TARGET_BUILD_DIR}/${FRAMEWORKS_FOLDER_PATH}/Result.framework",
				"${TARGET_BUILD_DIR}/${FRAMEWORKS_FOLDER_PATH}/SnapKit.framework",
				"${TARGET_BUILD_DIR}/${FRAMEWORKS_FOLDER_PATH}/ViewAnimator.framework",
			);
			runOnlyForDeploymentPostprocessing = 0;
			shellPath = /bin/sh;
			shellScript = "\"${SRCROOT}/Pods/Target Support Files/Pods-BirthdayReminder/Pods-BirthdayReminder-frameworks.sh\"\n";
			showEnvVarsInLog = 0;
		};
		F40D5D1B16061A1051AD9097 /* [CP] Check Pods Manifest.lock */ = {
			isa = PBXShellScriptBuildPhase;
			buildActionMask = 2147483647;
			files = (
			);
			inputPaths = (
				"${PODS_PODFILE_DIR_PATH}/Podfile.lock",
				"${PODS_ROOT}/Manifest.lock",
			);
			name = "[CP] Check Pods Manifest.lock";
			outputPaths = (
				"$(DERIVED_FILE_DIR)/Pods-BirthdayReminder-checkManifestLockResult.txt",
			);
			runOnlyForDeploymentPostprocessing = 0;
			shellPath = /bin/sh;
			shellScript = "diff \"${PODS_PODFILE_DIR_PATH}/Podfile.lock\" \"${PODS_ROOT}/Manifest.lock\" > /dev/null\nif [ $? != 0 ] ; then\n    # print error to STDERR\n    echo \"error: The sandbox is not in sync with the Podfile.lock. Run 'pod install' or update your CocoaPods installation.\" >&2\n    exit 1\nfi\n# This output is used by Xcode 'outputs' to avoid re-running this script phase.\necho \"SUCCESS\" > \"${SCRIPT_OUTPUT_FILE_0}\"\n";
			showEnvVarsInLog = 0;
		};
/* End PBXShellScriptBuildPhase section */

/* Begin PBXSourcesBuildPhase section */
		5232355D1FDCB8EA00CAB37D /* Sources */ = {
			isa = PBXSourcesBuildPhase;
			buildActionMask = 2147483647;
			files = (
				5232356C1FDCB96200CAB37D /* BirthComputingTests.swift in Sources */,
			);
			runOnlyForDeploymentPostprocessing = 0;
		};
		B02929481F26E79000AD0BC1 /* Sources */ = {
			isa = PBXSourcesBuildPhase;
			buildActionMask = 2147483647;
			files = (
				B02FC57E1F596E2400EAB6E6 /* Protocols.swift in Sources */,
				B0E283B61F334DB800CB5C51 /* FileManaging.swift in Sources */,
				B05952F31F26E834008AD597 /* BirthComputing.swift in Sources */,
				B02929511F26E79000AD0BC1 /* TodayViewController.swift in Sources */,
				52AD42F01F7ED83200306D47 /* Model.xcdatamodeld in Sources */,
			);
			runOnlyForDeploymentPostprocessing = 0;
		};
		B06883501F1EEB2D00831AA6 /* Sources */ = {
			isa = PBXSourcesBuildPhase;
			buildActionMask = 2147483647;
			files = (
				B0CD6B691F6D103A009899FE /* PersonFormController.swift in Sources */,
				70C72BF01FDD20D60079AF2D /* PresentingViewController.swift in Sources */,
				B05FB0C91F6E21E70021263D /* ContactViewController.swift in Sources */,
				B00F7B031F1EEED800496843 /* AnimeGettingFromServerViewController.swift in Sources */,
				B08060141F820E6B00115399 /* PermissionRequestingController.swift in Sources */,
				70C5EF811FDBFD460068FAC2 /* NotificationManager.swift in Sources */,
				702D2BC31FE3F6E400F30C7B /* Utilities.swift in Sources */,
				B02F096B1F6C524A007EF8C1 /* PersonalCell.swift in Sources */,
				B022842F1FAEB58E00932EEB /* MainTabBarController.swift in Sources */,
				B049DCA31F1EEE7A008634C5 /* AppDelegate.swift in Sources */,
				B060439A1F3C9978007D1016 /* SettingsViewController.swift in Sources */,
				B0F0CE801F890D750055C00A /* DatePickingRow.swift in Sources */,
				52AD42EF1F7ED83100306D47 /* Model.xcdatamodeld in Sources */,
				B068837C1F1EECF100831AA6 /* Network.swift in Sources */,
				B031B91F1F81D81D001AE7DC /* Tutorial.swift in Sources */,
				B0F922D91F6419920059DFDC /* Constants&Settings.swift in Sources */,
				B00F7B041F1EEEDA00496843 /* GetPersonalDataFromServerViewController.swift in Sources */,
				B0F0A44E1F20E143004DED3D /* IndexViewController.swift in Sources */,
				B0E009561FB721A200443471 /* BirthCardController.swift in Sources */,
				B0C857881FC0EC6800E0DE97 /* RoundConerTableViewCell.swift in Sources */,
				B02FC57F1F596E2400EAB6E6 /* Protocols.swift in Sources */,
				B0AB99D31F244E79006C8F29 /* BirthComputing.swift in Sources */,
				B0095EC31F6D80C50049AF0D /* AnimeCell.swift in Sources */,
				B068837A1F1EECEA00831AA6 /* FileManaging.swift in Sources */,
			);
			runOnlyForDeploymentPostprocessing = 0;
		};
		B0990F221F27578400D26557 /* Sources */ = {
			isa = PBXSourcesBuildPhase;
			buildActionMask = 2147483647;
			files = (
				B0990F321F27578400D26557 /* NotificationController.swift in Sources */,
				B0990F341F27578400D26557 /* ComplicationController.swift in Sources */,
				B0E283B41F334DA700CB5C51 /* FileManaging.swift in Sources */,
				B02FC5801F596E2400EAB6E6 /* Protocols.swift in Sources */,
				B0811C941F282DA00006CBC5 /* TableRowController.swift in Sources */,
				B0990F301F27578400D26557 /* ExtensionDelegate.swift in Sources */,
				52AD42F11F7ED83300306D47 /* Model.xcdatamodeld in Sources */,
				B0811C951F282F160006CBC5 /* BirthComputing.swift in Sources */,
				B0990F2E1F27578400D26557 /* InterfaceController.swift in Sources */,
			);
			runOnlyForDeploymentPostprocessing = 0;
		};
/* End PBXSourcesBuildPhase section */

/* Begin PBXTargetDependency section */
		523235671FDCB8EA00CAB37D /* PBXTargetDependency */ = {
			isa = PBXTargetDependency;
			target = B06883531F1EEB2D00831AA6 /* BirthdayReminder */;
			targetProxy = 523235661FDCB8EA00CAB37D /* PBXContainerItemProxy */;
		};
		B02929571F26E79000AD0BC1 /* PBXTargetDependency */ = {
			isa = PBXTargetDependency;
			target = B029294B1F26E79000AD0BC1 /* TodayReminder */;
			targetProxy = B02929561F26E79000AD0BC1 /* PBXContainerItemProxy */;
		};
		B0990F391F27578400D26557 /* PBXTargetDependency */ = {
			isa = PBXTargetDependency;
			target = B0990F191F27578400D26557 /* WatchReminder */;
			targetProxy = B0990F381F27578400D26557 /* PBXContainerItemProxy */;
		};
		B0D18E521F6E031100B2B789 /* PBXTargetDependency */ = {
			isa = PBXTargetDependency;
			target = B0990F251F27578400D26557 /* WatchReminder Extension */;
			targetProxy = B0D18E511F6E031100B2B789 /* PBXContainerItemProxy */;
		};
/* End PBXTargetDependency section */

/* Begin PBXVariantGroup section */
		526C89C51F7F3E4D006A2E57 /* Localizable.stringsdict */ = {
			isa = PBXVariantGroup;
			children = (
				526C89C41F7F3E4D006A2E57 /* en */,
				522153A31F7F4439006CF8F2 /* zh-Hans */,
			);
			name = Localizable.stringsdict;
			sourceTree = "<group>";
		};
		52AD42F61F7F164700306D47 /* InfoPlist.strings */ = {
			isa = PBXVariantGroup;
			children = (
				52AD42F51F7F164700306D47 /* zh-Hans */,
				52AD43241F7F1AE700306D47 /* en */,
			);
			name = InfoPlist.strings;
			sourceTree = "<group>";
		};
		52AD42FB1F7F164900306D47 /* InfoPlist.strings */ = {
			isa = PBXVariantGroup;
			children = (
				52AD42FA1F7F164900306D47 /* zh-Hans */,
				52AD43251F7F1AE800306D47 /* en */,
			);
			name = InfoPlist.strings;
			sourceTree = "<group>";
		};
		52AD43001F7F164B00306D47 /* InfoPlist.strings */ = {
			isa = PBXVariantGroup;
			children = (
				52AD42FF1F7F164B00306D47 /* zh-Hans */,
				52AD43261F7F1AE900306D47 /* en */,
			);
			name = InfoPlist.strings;
			sourceTree = "<group>";
		};
		52AD43061F7F164F00306D47 /* InfoPlist.strings */ = {
			isa = PBXVariantGroup;
			children = (
				52AD43051F7F164F00306D47 /* zh-Hans */,
				52AD43231F7F1AE600306D47 /* en */,
			);
			name = InfoPlist.strings;
			sourceTree = "<group>";
		};
		52AD430B1F7F19E800306D47 /* Localizable.strings */ = {
			isa = PBXVariantGroup;
			children = (
				52AD430A1F7F19E800306D47 /* zh-Hans */,
				52AD43291F7F1AEB00306D47 /* en */,
			);
			name = Localizable.strings;
			sourceTree = "<group>";
		};
		52AD43151F7F19EA00306D47 /* Localizable.strings */ = {
			isa = PBXVariantGroup;
			children = (
				52AD43141F7F19EA00306D47 /* zh-Hans */,
				52AD432D1F7F1AEF00306D47 /* en */,
			);
			name = Localizable.strings;
			sourceTree = "<group>";
		};
		52AD431A1F7F1A3500306D47 /* Localizable.strings */ = {
			isa = PBXVariantGroup;
			children = (
				52AD43191F7F1A3500306D47 /* zh-Hans */,
				52AD432A1F7F1AEC00306D47 /* en */,
			);
			name = Localizable.strings;
			sourceTree = "<group>";
		};
		B02929521F26E79000AD0BC1 /* MainInterface.storyboard */ = {
			isa = PBXVariantGroup;
			children = (
				B02929531F26E79000AD0BC1 /* Base */,
				B0FB3E0D1F4FD3790022509B /* zh-Hans */,
				52AD432C1F7F1AEE00306D47 /* en */,
			);
			name = MainInterface.storyboard;
			sourceTree = "<group>";
		};
		B068835B1F1EEB2D00831AA6 /* Main.storyboard */ = {
			isa = PBXVariantGroup;
			children = (
				B068835C1F1EEB2D00831AA6 /* Base */,
				B0FB3E0C1F4FD3790022509B /* zh-Hans */,
				52AD43271F7F1AE900306D47 /* en */,
			);
			name = Main.storyboard;
			sourceTree = "<group>";
		};
		B06883601F1EEB2D00831AA6 /* LaunchScreen.storyboard */ = {
			isa = PBXVariantGroup;
			children = (
				B06883611F1EEB2D00831AA6 /* Base */,
				52AD43011F7F164C00306D47 /* zh-Hans */,
				52AD43281F7F1AEA00306D47 /* en */,
			);
			name = LaunchScreen.storyboard;
			sourceTree = "<group>";
		};
		B0990F1C1F27578400D26557 /* Interface.storyboard */ = {
			isa = PBXVariantGroup;
			children = (
				B0990F1D1F27578400D26557 /* Base */,
				B0FB3E0E1F4FD3790022509B /* zh-Hans */,
				52AD432B1F7F1AED00306D47 /* en */,
			);
			name = Interface.storyboard;
			sourceTree = "<group>";
		};
/* End PBXVariantGroup section */

/* Begin XCBuildConfiguration section */
		523235681FDCB8EA00CAB37D /* Debug */ = {
			isa = XCBuildConfiguration;
			buildSettings = {
				BUNDLE_LOADER = "$(TEST_HOST)";
				CLANG_CXX_LANGUAGE_STANDARD = "gnu++14";
				CLANG_WARN_UNGUARDED_AVAILABILITY = YES_AGGRESSIVE;
				CODE_SIGN_IDENTITY = "iPhone Developer";
				CODE_SIGN_STYLE = Automatic;
				GCC_C_LANGUAGE_STANDARD = gnu11;
				INFOPLIST_FILE = BirthReminderTests/Info.plist;
				IPHONEOS_DEPLOYMENT_TARGET = 11.2;
				LD_RUNPATH_SEARCH_PATHS = "$(inherited) @executable_path/Frameworks @loader_path/Frameworks";
				PRODUCT_BUNDLE_IDENTIFIER = tech.TCWQ.BirthReminderTests;
				PRODUCT_NAME = "$(TARGET_NAME)";
				SWIFT_VERSION = 4.0;
				TARGETED_DEVICE_FAMILY = "1,2";
				TEST_HOST = "$(BUILT_PRODUCTS_DIR)/BirthdayReminder.app/BirthdayReminder";
			};
			name = Debug;
		};
		523235691FDCB8EA00CAB37D /* Release */ = {
			isa = XCBuildConfiguration;
			buildSettings = {
				BUNDLE_LOADER = "$(TEST_HOST)";
				CLANG_CXX_LANGUAGE_STANDARD = "gnu++14";
				CLANG_WARN_UNGUARDED_AVAILABILITY = YES_AGGRESSIVE;
				CODE_SIGN_IDENTITY = "iPhone Developer";
				CODE_SIGN_STYLE = Automatic;
				GCC_C_LANGUAGE_STANDARD = gnu11;
				INFOPLIST_FILE = BirthReminderTests/Info.plist;
				IPHONEOS_DEPLOYMENT_TARGET = 11.2;
				LD_RUNPATH_SEARCH_PATHS = "$(inherited) @executable_path/Frameworks @loader_path/Frameworks";
				PRODUCT_BUNDLE_IDENTIFIER = tech.TCWQ.BirthReminderTests;
				PRODUCT_NAME = "$(TARGET_NAME)";
				SWIFT_VERSION = 4.0;
				TARGETED_DEVICE_FAMILY = "1,2";
				TEST_HOST = "$(BUILT_PRODUCTS_DIR)/BirthdayReminder.app/BirthdayReminder";
			};
			name = Release;
		};
		B02929591F26E79000AD0BC1 /* Debug */ = {
			isa = XCBuildConfiguration;
			buildSettings = {
				ALWAYS_EMBED_SWIFT_STANDARD_LIBRARIES = "$(inherited)";
				CODE_SIGN_ENTITLEMENTS = TodayReminder/TodayReminder.entitlements;
				DEVELOPMENT_TEAM = F248CK9C8M;
				INFOPLIST_FILE = TodayReminder/Info.plist;
				IPHONEOS_DEPLOYMENT_TARGET = 11.0;
				LD_RUNPATH_SEARCH_PATHS = "$(inherited) @executable_path/Frameworks @executable_path/../../Frameworks";
				PRODUCT_BUNDLE_IDENTIFIER = tech.TCWQ.BirthdayReminder.TodayReminder;
				PRODUCT_NAME = "$(TARGET_NAME)";
				SKIP_INSTALL = YES;
				SWIFT_SWIFT3_OBJC_INFERENCE = Default;
				SWIFT_VERSION = 4.0;
			};
			name = Debug;
		};
		B029295A1F26E79000AD0BC1 /* Release */ = {
			isa = XCBuildConfiguration;
			buildSettings = {
				ALWAYS_EMBED_SWIFT_STANDARD_LIBRARIES = "$(inherited)";
				CODE_SIGN_ENTITLEMENTS = TodayReminder/TodayReminder.entitlements;
				DEVELOPMENT_TEAM = F248CK9C8M;
				INFOPLIST_FILE = TodayReminder/Info.plist;
				IPHONEOS_DEPLOYMENT_TARGET = 11.0;
				LD_RUNPATH_SEARCH_PATHS = "$(inherited) @executable_path/Frameworks @executable_path/../../Frameworks";
				PRODUCT_BUNDLE_IDENTIFIER = tech.TCWQ.BirthdayReminder.TodayReminder;
				PRODUCT_NAME = "$(TARGET_NAME)";
				SKIP_INSTALL = YES;
				SWIFT_SWIFT3_OBJC_INFERENCE = Default;
				SWIFT_VERSION = 4.0;
			};
			name = Release;
		};
		B06883641F1EEB2D00831AA6 /* Debug */ = {
			isa = XCBuildConfiguration;
			buildSettings = {
				ALWAYS_EMBED_SWIFT_STANDARD_LIBRARIES = "$(inherited)";
				ALWAYS_SEARCH_USER_PATHS = NO;
				CLANG_ANALYZER_LOCALIZABILITY_NONLOCALIZED = YES;
				CLANG_ANALYZER_NONNULL = YES;
				CLANG_ANALYZER_NUMBER_OBJECT_CONVERSION = YES_AGGRESSIVE;
				CLANG_CXX_LANGUAGE_STANDARD = "gnu++0x";
				CLANG_CXX_LIBRARY = "libc++";
				CLANG_ENABLE_MODULES = YES;
				CLANG_ENABLE_OBJC_ARC = YES;
				CLANG_WARN_BLOCK_CAPTURE_AUTORELEASING = YES;
				CLANG_WARN_BOOL_CONVERSION = YES;
				CLANG_WARN_COMMA = YES;
				CLANG_WARN_CONSTANT_CONVERSION = YES;
				CLANG_WARN_DIRECT_OBJC_ISA_USAGE = YES_ERROR;
				CLANG_WARN_DOCUMENTATION_COMMENTS = YES;
				CLANG_WARN_EMPTY_BODY = YES;
				CLANG_WARN_ENUM_CONVERSION = YES;
				CLANG_WARN_INFINITE_RECURSION = YES;
				CLANG_WARN_INT_CONVERSION = YES;
				CLANG_WARN_NON_LITERAL_NULL_CONVERSION = YES;
				CLANG_WARN_OBJC_LITERAL_CONVERSION = YES;
				CLANG_WARN_OBJC_ROOT_CLASS = YES_ERROR;
				CLANG_WARN_RANGE_LOOP_ANALYSIS = YES;
				CLANG_WARN_STRICT_PROTOTYPES = YES;
				CLANG_WARN_SUSPICIOUS_MOVE = YES;
				CLANG_WARN_UNREACHABLE_CODE = YES;
				CLANG_WARN__DUPLICATE_METHOD_MATCH = YES;
				"CODE_SIGN_IDENTITY[sdk=iphoneos*]" = "iPhone Developer";
				COPY_PHASE_STRIP = NO;
				DEBUG_INFORMATION_FORMAT = dwarf;
				ENABLE_STRICT_OBJC_MSGSEND = YES;
				ENABLE_TESTABILITY = YES;
				GCC_C_LANGUAGE_STANDARD = gnu99;
				GCC_DYNAMIC_NO_PIC = NO;
				GCC_NO_COMMON_BLOCKS = YES;
				GCC_OPTIMIZATION_LEVEL = 0;
				GCC_PREPROCESSOR_DEFINITIONS = (
					"DEBUG=1",
					"$(inherited)",
				);
				GCC_WARN_64_TO_32_BIT_CONVERSION = YES;
				GCC_WARN_ABOUT_RETURN_TYPE = YES_ERROR;
				GCC_WARN_UNDECLARED_SELECTOR = YES;
				GCC_WARN_UNINITIALIZED_AUTOS = YES_AGGRESSIVE;
				GCC_WARN_UNUSED_FUNCTION = YES;
				GCC_WARN_UNUSED_VARIABLE = YES;
				IPHONEOS_DEPLOYMENT_TARGET = 11.0;
				MTL_ENABLE_DEBUG_INFO = YES;
				ONLY_ACTIVE_ARCH = YES;
				SDKROOT = iphoneos;
				SWIFT_ACTIVE_COMPILATION_CONDITIONS = DEBUG;
				SWIFT_OPTIMIZATION_LEVEL = "-Onone";
				TARGETED_DEVICE_FAMILY = "1,2";
			};
			name = Debug;
		};
		B06883651F1EEB2D00831AA6 /* Release */ = {
			isa = XCBuildConfiguration;
			buildSettings = {
				ALWAYS_EMBED_SWIFT_STANDARD_LIBRARIES = "$(inherited)";
				ALWAYS_SEARCH_USER_PATHS = NO;
				CLANG_ANALYZER_LOCALIZABILITY_NONLOCALIZED = YES;
				CLANG_ANALYZER_NONNULL = YES;
				CLANG_ANALYZER_NUMBER_OBJECT_CONVERSION = YES_AGGRESSIVE;
				CLANG_CXX_LANGUAGE_STANDARD = "gnu++0x";
				CLANG_CXX_LIBRARY = "libc++";
				CLANG_ENABLE_MODULES = YES;
				CLANG_ENABLE_OBJC_ARC = YES;
				CLANG_WARN_BLOCK_CAPTURE_AUTORELEASING = YES;
				CLANG_WARN_BOOL_CONVERSION = YES;
				CLANG_WARN_COMMA = YES;
				CLANG_WARN_CONSTANT_CONVERSION = YES;
				CLANG_WARN_DIRECT_OBJC_ISA_USAGE = YES_ERROR;
				CLANG_WARN_DOCUMENTATION_COMMENTS = YES;
				CLANG_WARN_EMPTY_BODY = YES;
				CLANG_WARN_ENUM_CONVERSION = YES;
				CLANG_WARN_INFINITE_RECURSION = YES;
				CLANG_WARN_INT_CONVERSION = YES;
				CLANG_WARN_NON_LITERAL_NULL_CONVERSION = YES;
				CLANG_WARN_OBJC_LITERAL_CONVERSION = YES;
				CLANG_WARN_OBJC_ROOT_CLASS = YES_ERROR;
				CLANG_WARN_RANGE_LOOP_ANALYSIS = YES;
				CLANG_WARN_STRICT_PROTOTYPES = YES;
				CLANG_WARN_SUSPICIOUS_MOVE = YES;
				CLANG_WARN_UNREACHABLE_CODE = YES;
				CLANG_WARN__DUPLICATE_METHOD_MATCH = YES;
				"CODE_SIGN_IDENTITY[sdk=iphoneos*]" = "iPhone Developer";
				COPY_PHASE_STRIP = NO;
				DEBUG_INFORMATION_FORMAT = "dwarf-with-dsym";
				ENABLE_NS_ASSERTIONS = NO;
				ENABLE_STRICT_OBJC_MSGSEND = YES;
				GCC_C_LANGUAGE_STANDARD = gnu99;
				GCC_NO_COMMON_BLOCKS = YES;
				GCC_WARN_64_TO_32_BIT_CONVERSION = YES;
				GCC_WARN_ABOUT_RETURN_TYPE = YES_ERROR;
				GCC_WARN_UNDECLARED_SELECTOR = YES;
				GCC_WARN_UNINITIALIZED_AUTOS = YES_AGGRESSIVE;
				GCC_WARN_UNUSED_FUNCTION = YES;
				GCC_WARN_UNUSED_VARIABLE = YES;
				IPHONEOS_DEPLOYMENT_TARGET = 11.0;
				MTL_ENABLE_DEBUG_INFO = NO;
				SDKROOT = iphoneos;
				SWIFT_OPTIMIZATION_LEVEL = "-Owholemodule";
				TARGETED_DEVICE_FAMILY = "1,2";
				VALIDATE_PRODUCT = YES;
			};
			name = Release;
		};
		B06883671F1EEB2D00831AA6 /* Debug */ = {
			isa = XCBuildConfiguration;
			baseConfigurationReference = 9E8E2A6B24D19E5804BE59DB /* Pods-BirthdayReminder.debug.xcconfig */;
			buildSettings = {
				ALWAYS_EMBED_SWIFT_STANDARD_LIBRARIES = YES;
				ASSETCATALOG_COMPILER_APPICON_NAME = AppIcon;
				CODE_SIGN_ENTITLEMENTS = BirthdayReminder/BirthdayReminder.entitlements;
				CODE_SIGN_IDENTITY = "iPhone Developer";
				DEVELOPMENT_TEAM = F248CK9C8M;
				INFOPLIST_FILE = BirthdayReminder/Info.plist;
				IPHONEOS_DEPLOYMENT_TARGET = 11.0;
				LD_RUNPATH_SEARCH_PATHS = "$(inherited) @executable_path/Frameworks";
				PRODUCT_BUNDLE_IDENTIFIER = tech.TCWQ.BirthdayReminder;
				PRODUCT_NAME = "$(TARGET_NAME)";
				SWIFT_SWIFT3_OBJC_INFERENCE = Default;
				SWIFT_VERSION = 4.0;
			};
			name = Debug;
		};
		B06883681F1EEB2D00831AA6 /* Release */ = {
			isa = XCBuildConfiguration;
			baseConfigurationReference = BA622C34FD96AFBF6E0D84F6 /* Pods-BirthdayReminder.release.xcconfig */;
			buildSettings = {
				ALWAYS_EMBED_SWIFT_STANDARD_LIBRARIES = YES;
				ASSETCATALOG_COMPILER_APPICON_NAME = AppIcon;
				CODE_SIGN_ENTITLEMENTS = BirthdayReminder/BirthdayReminder.entitlements;
				CODE_SIGN_IDENTITY = "iPhone Developer";
				DEVELOPMENT_TEAM = F248CK9C8M;
				INFOPLIST_FILE = BirthdayReminder/Info.plist;
				IPHONEOS_DEPLOYMENT_TARGET = 11.0;
				LD_RUNPATH_SEARCH_PATHS = "$(inherited) @executable_path/Frameworks";
				PRODUCT_BUNDLE_IDENTIFIER = tech.TCWQ.BirthdayReminder;
				PRODUCT_NAME = "$(TARGET_NAME)";
				SWIFT_SWIFT3_OBJC_INFERENCE = Default;
				SWIFT_VERSION = 4.0;
			};
			name = Release;
		};
		B0990F3B1F27578400D26557 /* Debug */ = {
			isa = XCBuildConfiguration;
			buildSettings = {
				ALWAYS_EMBED_SWIFT_STANDARD_LIBRARIES = YES;
				ASSETCATALOG_COMPILER_APPICON_NAME = AppIcon;
				CLANG_ENABLE_MODULES = YES;
				CODE_SIGN_ENTITLEMENTS = WatchReminder/WatchReminder.entitlements;
				DEVELOPMENT_TEAM = F248CK9C8M;
				IBSC_MODULE = WatchReminder_Extension;
				INFOPLIST_FILE = WatchReminder/Info.plist;
				LD_RUNPATH_SEARCH_PATHS = "$(inherited) @executable_path/../Frameworks @loader_path/../Frameworks";
				PRODUCT_BUNDLE_IDENTIFIER = tech.TCWQ.BirthdayReminder.watchkitapp;
				PRODUCT_NAME = "$(TARGET_NAME)";
				SDKROOT = watchos;
				SKIP_INSTALL = YES;
				SWIFT_OBJC_BRIDGING_HEADER = "WatchReminder-Bridging-Header.h";
				SWIFT_OPTIMIZATION_LEVEL = "-Onone";
				SWIFT_SWIFT3_OBJC_INFERENCE = On;
				SWIFT_VERSION = 4.0;
				TARGETED_DEVICE_FAMILY = 4;
				WATCHOS_DEPLOYMENT_TARGET = 4.0;
			};
			name = Debug;
		};
		B0990F3C1F27578400D26557 /* Release */ = {
			isa = XCBuildConfiguration;
			buildSettings = {
				ALWAYS_EMBED_SWIFT_STANDARD_LIBRARIES = YES;
				ASSETCATALOG_COMPILER_APPICON_NAME = AppIcon;
				CLANG_ENABLE_MODULES = YES;
				CODE_SIGN_ENTITLEMENTS = WatchReminder/WatchReminder.entitlements;
				DEVELOPMENT_TEAM = F248CK9C8M;
				IBSC_MODULE = WatchReminder_Extension;
				INFOPLIST_FILE = WatchReminder/Info.plist;
				LD_RUNPATH_SEARCH_PATHS = "$(inherited) @executable_path/../Frameworks @loader_path/../Frameworks";
				PRODUCT_BUNDLE_IDENTIFIER = tech.TCWQ.BirthdayReminder.watchkitapp;
				PRODUCT_NAME = "$(TARGET_NAME)";
				SDKROOT = watchos;
				SKIP_INSTALL = YES;
				SWIFT_OBJC_BRIDGING_HEADER = "WatchReminder-Bridging-Header.h";
				SWIFT_SWIFT3_OBJC_INFERENCE = On;
				SWIFT_VERSION = 4.0;
				TARGETED_DEVICE_FAMILY = 4;
				WATCHOS_DEPLOYMENT_TARGET = 4.0;
			};
			name = Release;
		};
		B0990F3D1F27578400D26557 /* Debug */ = {
			isa = XCBuildConfiguration;
			buildSettings = {
				ASSETCATALOG_COMPILER_COMPLICATION_NAME = Complication;
				CODE_SIGN_ENTITLEMENTS = "WatchReminder Extension/WatchReminder Extension.entitlements";
				DEVELOPMENT_TEAM = F248CK9C8M;
				INFOPLIST_FILE = "WatchReminder Extension/Info.plist";
				LD_RUNPATH_SEARCH_PATHS = "$(inherited) @executable_path/Frameworks @executable_path/../../Frameworks";
				PRODUCT_BUNDLE_IDENTIFIER = tech.TCWQ.BirthdayReminder.watchkitapp.watchkitextension;
				PRODUCT_NAME = "${TARGET_NAME}";
				SDKROOT = watchos;
				SKIP_INSTALL = YES;
				SWIFT_SWIFT3_OBJC_INFERENCE = Default;
				SWIFT_VERSION = 4.0;
				TARGETED_DEVICE_FAMILY = 4;
				WATCHOS_DEPLOYMENT_TARGET = 4.0;
			};
			name = Debug;
		};
		B0990F3E1F27578400D26557 /* Release */ = {
			isa = XCBuildConfiguration;
			buildSettings = {
				ASSETCATALOG_COMPILER_COMPLICATION_NAME = Complication;
				CODE_SIGN_ENTITLEMENTS = "WatchReminder Extension/WatchReminder Extension.entitlements";
				DEVELOPMENT_TEAM = F248CK9C8M;
				INFOPLIST_FILE = "WatchReminder Extension/Info.plist";
				LD_RUNPATH_SEARCH_PATHS = "$(inherited) @executable_path/Frameworks @executable_path/../../Frameworks";
				PRODUCT_BUNDLE_IDENTIFIER = tech.TCWQ.BirthdayReminder.watchkitapp.watchkitextension;
				PRODUCT_NAME = "${TARGET_NAME}";
				SDKROOT = watchos;
				SKIP_INSTALL = YES;
				SWIFT_SWIFT3_OBJC_INFERENCE = Default;
				SWIFT_VERSION = 4.0;
				TARGETED_DEVICE_FAMILY = 4;
				WATCHOS_DEPLOYMENT_TARGET = 4.0;
			};
			name = Release;
		};
/* End XCBuildConfiguration section */

/* Begin XCConfigurationList section */
		5232356A1FDCB8EA00CAB37D /* Build configuration list for PBXNativeTarget "BirthReminderTests" */ = {
			isa = XCConfigurationList;
			buildConfigurations = (
				523235681FDCB8EA00CAB37D /* Debug */,
				523235691FDCB8EA00CAB37D /* Release */,
			);
			defaultConfigurationIsVisible = 0;
			defaultConfigurationName = Release;
		};
		B029295B1F26E79000AD0BC1 /* Build configuration list for PBXNativeTarget "TodayReminder" */ = {
			isa = XCConfigurationList;
			buildConfigurations = (
				B02929591F26E79000AD0BC1 /* Debug */,
				B029295A1F26E79000AD0BC1 /* Release */,
			);
			defaultConfigurationIsVisible = 0;
			defaultConfigurationName = Release;
		};
		B068834F1F1EEB2D00831AA6 /* Build configuration list for PBXProject "BirthdayReminder" */ = {
			isa = XCConfigurationList;
			buildConfigurations = (
				B06883641F1EEB2D00831AA6 /* Debug */,
				B06883651F1EEB2D00831AA6 /* Release */,
			);
			defaultConfigurationIsVisible = 0;
			defaultConfigurationName = Release;
		};
		B06883661F1EEB2D00831AA6 /* Build configuration list for PBXNativeTarget "BirthdayReminder" */ = {
			isa = XCConfigurationList;
			buildConfigurations = (
				B06883671F1EEB2D00831AA6 /* Debug */,
				B06883681F1EEB2D00831AA6 /* Release */,
			);
			defaultConfigurationIsVisible = 0;
			defaultConfigurationName = Release;
		};
		B0990F3F1F27578400D26557 /* Build configuration list for PBXNativeTarget "WatchReminder Extension" */ = {
			isa = XCConfigurationList;
			buildConfigurations = (
				B0990F3D1F27578400D26557 /* Debug */,
				B0990F3E1F27578400D26557 /* Release */,
			);
			defaultConfigurationIsVisible = 0;
			defaultConfigurationName = Release;
		};
		B0990F411F27578400D26557 /* Build configuration list for PBXNativeTarget "WatchReminder" */ = {
			isa = XCConfigurationList;
			buildConfigurations = (
				B0990F3B1F27578400D26557 /* Debug */,
				B0990F3C1F27578400D26557 /* Release */,
			);
			defaultConfigurationIsVisible = 0;
			defaultConfigurationName = Release;
		};
/* End XCConfigurationList section */

/* Begin XCVersionGroup section */
		52AD42ED1F7ED82900306D47 /* Model.xcdatamodeld */ = {
			isa = XCVersionGroup;
			children = (
				7034F8171FE4025B002F03C7 /* Model 2.xcdatamodel */,
				52AD42EE1F7ED82900306D47 /* Model.xcdatamodel */,
			);
			currentVersion = 7034F8171FE4025B002F03C7 /* Model 2.xcdatamodel */;
			path = Model.xcdatamodeld;
			sourceTree = "<group>";
			versionGroupType = wrapper.xcdatamodel;
		};
/* End XCVersionGroup section */
	};
	rootObject = B068834C1F1EEB2D00831AA6 /* Project object */;
}
